{
  "version": 4,
  "terraform_version": "1.3.9",
  "serial": 44,
  "lineage": "94d1f899-30d0-30bc-db37-982a6c494958",
  "outputs": {
    "deployer": {
      "value": {
        "arn": "arn:aws:ec2:us-east-1:233489832487:key-pair/deployer-key",
        "fingerprint": "1b:70:e7:d1:9c:1c:da:8c:29:11:2e:c7:ed:75:d1:58",
        "id": "deployer-key",
        "key_name": "deployer-key",
        "key_name_prefix": "",
        "key_pair_id": "key-0f4c27f4683a0b9e8",
        "key_type": "rsa",
        "public_key": "ssh-rsa AAAAB3NzaC1yc2EAAAADAQABAAACAQDrS8UZhy+BakFodzKvV+eTGoIqTyNIVtM1quI2Bu5QbC6AP5OecJaw9v+PtUOaAfXAdWnCtJNTdIZeHbYAwB1QtNuByUFvjKTRO4sCb+6jsrAxZRGlgFcrGhcdmEiX1XWTzlnmg8Kf91SWCMlTSR2zBU67b/ru2iXxgMnDGjRwisfqVm1jmoOift14e/J03FXf7VWxtGBdjXnfM4Wqr+Ms8sapISMgSxZOQgjHtUhltI9LYlxsjacuop8kTFUm+U2KOqdcZxtP/aPfr5uW2R+g9pYfhcPTF8oUlFTfyJLMZhVi+MzkFELkkPquNY5PrpefVeWMSJRHn2U1zwlP8DEqRribG27vekkClY8b+2+F81xSzmROYWsZbPbOHTe2muzJ0pDWwWnG0wKWtgx5ZxMPcxxJnDF9Mx94/eYPlQl0aCCPi5vIF2ojHVfOMsq9fFs5SO3m5zaGQYS4d8jSUY+r8EO4GdmFKuxp1moYAkw19ZcOHw4HeZaDtO+rPG6BA4L74mnlIJj5Q0Wcvq/g3mqgcRyGRM5IA8PRea+9j4aAzri2q9+a6Pp7hUWU/jU3YSc2J3l6b0MxKwoDPP/qfmifP1by0i3LCSRyLiUcE9KvstyiNrKBheujQ6Vb5cemRTe68s+l1cZQKRbAfxKQr8yKMJBZ/DXRiru61xU8sQe+8Q==",
        "tags": null,
        "tags_all": {}
      },
      "type": [
        "object",
        {
          "arn": "string",
          "fingerprint": "string",
          "id": "string",
          "key_name": "string",
          "key_name_prefix": "string",
          "key_pair_id": "string",
          "key_type": "string",
          "public_key": "string",
          "tags": [
            "map",
            "string"
          ],
          "tags_all": [
            "map",
            "string"
          ]
        }
      ]
    },
    "internet_gateway_ip": {
      "value": "igw-0178b53c2545bac5d",
      "type": "string"
    },
    "nat_ip": {
      "value": "52.20.123.6",
      "type": "string"
    },
    "public-1-subnet-ec2-ip": {
      "value": "3.89.49.240",
      "type": "string"
    },
    "ssh_key": {
      "value": "ssh-rsa AAAAB3NzaC1yc2EAAAADAQABAAACAQDrS8UZhy+BakFodzKvV+eTGoIqTyNIVtM1quI2Bu5QbC6AP5OecJaw9v+PtUOaAfXAdWnCtJNTdIZeHbYAwB1QtNuByUFvjKTRO4sCb+6jsrAxZRGlgFcrGhcdmEiX1XWTzlnmg8Kf91SWCMlTSR2zBU67b/ru2iXxgMnDGjRwisfqVm1jmoOift14e/J03FXf7VWxtGBdjXnfM4Wqr+Ms8sapISMgSxZOQgjHtUhltI9LYlxsjacuop8kTFUm+U2KOqdcZxtP/aPfr5uW2R+g9pYfhcPTF8oUlFTfyJLMZhVi+MzkFELkkPquNY5PrpefVeWMSJRHn2U1zwlP8DEqRribG27vekkClY8b+2+F81xSzmROYWsZbPbOHTe2muzJ0pDWwWnG0wKWtgx5ZxMPcxxJnDF9Mx94/eYPlQl0aCCPi5vIF2ojHVfOMsq9fFs5SO3m5zaGQYS4d8jSUY+r8EO4GdmFKuxp1moYAkw19ZcOHw4HeZaDtO+rPG6BA4L74mnlIJj5Q0Wcvq/g3mqgcRyGRM5IA8PRea+9j4aAzri2q9+a6Pp7hUWU/jU3YSc2J3l6b0MxKwoDPP/qfmifP1by0i3LCSRyLiUcE9KvstyiNrKBheujQ6Vb5cemRTe68s+l1cZQKRbAfxKQr8yKMJBZ/DXRiru61xU8sQe+8Q==\n",
      "type": "string"
    },
    "subnet-private-1-ip": {
      "value": "subnet-0e2d5a143652ea9aa",
      "type": "string"
    },
    "subnet-private-2-ip": {
      "value": "subnet-0b215201be446bcc0",
      "type": "string"
    },
    "subnet-private-3-ip": {
      "value": "subnet-0f036b890ba9a557e",
      "type": "string"
    },
    "subnet-private-4-ip": {
      "value": "subnet-0bd2d7dea68c95930",
      "type": "string"
    },
    "subnet-private-5-ip": {
      "value": "subnet-08610aa37319a3bf3",
      "type": "string"
    },
    "subnet-private-6-ip": {
      "value": "subnet-029a49014ce97b7d0",
      "type": "string"
    },
    "subnet-public-1-ip": {
      "value": "subnet-0893c6c5473a550b7",
      "type": "string"
    },
    "subnet-public-2-ip": {
      "value": "subnet-0a9226c44ce574652",
      "type": "string"
    },
    "subnet-public-3-ip": {
      "value": "subnet-0fe75bf45db8a4f9e",
      "type": "string"
    },
    "ubuntu_ami": {
      "value": "ami-03fa477d477703122",
      "type": "string"
    }
  },
  "resources": [
    {
      "mode": "data",
      "type": "aws_ami",
      "name": "ubuntu",
      "provider": "provider[\"registry.terraform.io/hashicorp/aws\"]",
      "instances": [
        {
          "schema_version": 0,
          "attributes": {
            "architecture": "x86_64",
            "arn": "arn:aws:ec2:us-east-1::image/ami-03fa477d477703122",
            "block_device_mappings": [
              {
                "device_name": "/dev/sda1",
                "ebs": {
                  "delete_on_termination": "true",
                  "encrypted": "false",
                  "iops": "0",
                  "snapshot_id": "snap-0637f0382bc0ea943",
                  "throughput": "0",
                  "volume_size": "8",
                  "volume_type": "gp2"
                },
                "no_device": "",
                "virtual_name": ""
              },
              {
                "device_name": "/dev/sdb",
                "ebs": {},
                "no_device": "",
                "virtual_name": "ephemeral0"
              },
              {
                "device_name": "/dev/sdc",
                "ebs": {},
                "no_device": "",
                "virtual_name": "ephemeral1"
              }
            ],
            "boot_mode": "legacy-bios",
            "creation_date": "2023-06-05T23:42:06.000Z",
            "deprecation_time": "2025-06-05T23:42:06.000Z",
            "description": "Canonical, Ubuntu, 20.04 LTS, amd64 focal image build on 2023-06-05",
            "ena_support": true,
            "executable_users": null,
            "filter": [
              {
                "name": "name",
                "values": [
                  "ubuntu/images/hvm-ssd/ubuntu-focal-20.04-amd64-server-*"
                ]
              },
              {
                "name": "virtualization-type",
                "values": [
                  "hvm"
                ]
              }
            ],
            "hypervisor": "xen",
            "id": "ami-03fa477d477703122",
            "image_id": "ami-03fa477d477703122",
            "image_location": "amazon/ubuntu/images/hvm-ssd/ubuntu-focal-20.04-amd64-server-20230605",
            "image_owner_alias": "amazon",
            "image_type": "machine",
            "imds_support": "",
            "include_deprecated": false,
            "kernel_id": "",
            "most_recent": true,
            "name": "ubuntu/images/hvm-ssd/ubuntu-focal-20.04-amd64-server-20230605",
            "name_regex": null,
            "owner_id": "099720109477",
            "owners": [
              "099720109477"
            ],
            "platform": "",
            "platform_details": "Linux/UNIX",
            "product_codes": [],
            "public": true,
            "ramdisk_id": "",
            "root_device_name": "/dev/sda1",
            "root_device_type": "ebs",
            "root_snapshot_id": "snap-0637f0382bc0ea943",
            "sriov_net_support": "simple",
            "state": "available",
            "state_reason": {
              "code": "UNSET",
              "message": "UNSET"
            },
            "tags": {},
            "timeouts": null,
            "tpm_support": "",
            "usage_operation": "RunInstances",
            "virtualization_type": "hvm"
          },
          "sensitive_attributes": []
        }
      ]
    },
    {
      "mode": "managed",
      "type": "aws_efs_file_system",
      "name": "my-efs",
      "provider": "provider[\"registry.terraform.io/hashicorp/aws\"]",
      "instances": [
        {
          "schema_version": 0,
          "attributes": {
            "arn": "arn:aws:elasticfilesystem:us-east-1:233489832487:file-system/fs-09dd6258899f721be",
            "availability_zone_id": "",
            "availability_zone_name": "",
            "creation_token": "my-efs",
            "dns_name": "fs-09dd6258899f721be.efs.us-east-1.amazonaws.com",
            "encrypted": false,
            "id": "fs-09dd6258899f721be",
            "kms_key_id": "",
            "lifecycle_policy": [],
            "number_of_mount_targets": 0,
            "owner_id": "233489832487",
            "performance_mode": "generalPurpose",
            "provisioned_throughput_in_mibps": 0,
            "size_in_bytes": [
              {
                "value": 6144,
                "value_in_ia": 0,
                "value_in_standard": 6144
              }
            ],
            "tags": {
              "Name": "My-efs"
            },
            "tags_all": {
              "Name": "My-efs"
            },
            "throughput_mode": "bursting"
          },
          "sensitive_attributes": [],
          "private": "bnVsbA=="
        }
      ]
    },
    {
      "mode": "managed",
      "type": "aws_efs_mount_target",
      "name": "efs_mount_1",
      "provider": "provider[\"registry.terraform.io/hashicorp/aws\"]",
      "instances": [
        {
          "schema_version": 0,
          "attributes": {
            "availability_zone_id": "use1-az4",
            "availability_zone_name": "us-east-1a",
            "dns_name": "fs-09dd6258899f721be.efs.us-east-1.amazonaws.com",
            "file_system_arn": "arn:aws:elasticfilesystem:us-east-1:233489832487:file-system/fs-09dd6258899f721be",
            "file_system_id": "fs-09dd6258899f721be",
            "id": "fsmt-06381bba6619b56d9",
            "ip_address": "10.0.4.103",
            "mount_target_dns_name": "us-east-1a.fs-09dd6258899f721be.efs.us-east-1.amazonaws.com",
            "network_interface_id": "eni-010f8d9d0a836056a",
            "owner_id": "233489832487",
            "security_groups": [
              "sg-023c3635cce2d4803",
              "sg-051ea0848a5a75d3b",
              "sg-0771a7fc0f3c66f9c",
              "sg-0d9285ebb7b978f3a"
            ],
            "subnet_id": "subnet-0e2d5a143652ea9aa",
            "timeouts": null
          },
          "sensitive_attributes": [],
          "private": "eyJlMmJmYjczMC1lY2FhLTExZTYtOGY4OC0zNDM2M2JjN2M0YzAiOnsiY3JlYXRlIjoxODAwMDAwMDAwMDAwLCJkZWxldGUiOjYwMDAwMDAwMDAwMH19",
          "dependencies": [
            "aws_efs_file_system.my-efs",
            "aws_security_group.web_server_efs_sg",
            "aws_security_group.web_server_ping_sg",
            "aws_security_group.web_server_sg",
            "aws_security_group.web_server_ssh_sg",
            "aws_subnet.Private-1",
            "aws_vpc.Web_env"
          ]
        }
      ]
    },
    {
      "mode": "managed",
      "type": "aws_efs_mount_target",
      "name": "efs_mount_2",
      "provider": "provider[\"registry.terraform.io/hashicorp/aws\"]",
      "instances": [
        {
          "schema_version": 0,
          "attributes": {
            "availability_zone_id": "use1-az6",
            "availability_zone_name": "us-east-1b",
            "dns_name": "fs-09dd6258899f721be.efs.us-east-1.amazonaws.com",
            "file_system_arn": "arn:aws:elasticfilesystem:us-east-1:233489832487:file-system/fs-09dd6258899f721be",
            "file_system_id": "fs-09dd6258899f721be",
            "id": "fsmt-04ba2da9df46e6954",
            "ip_address": "10.0.5.90",
            "mount_target_dns_name": "us-east-1b.fs-09dd6258899f721be.efs.us-east-1.amazonaws.com",
            "network_interface_id": "eni-0a199a7772591325f",
            "owner_id": "233489832487",
            "security_groups": [
              "sg-023c3635cce2d4803",
              "sg-051ea0848a5a75d3b",
              "sg-0771a7fc0f3c66f9c",
              "sg-0d9285ebb7b978f3a"
            ],
            "subnet_id": "subnet-0b215201be446bcc0",
            "timeouts": null
          },
          "sensitive_attributes": [],
          "private": "eyJlMmJmYjczMC1lY2FhLTExZTYtOGY4OC0zNDM2M2JjN2M0YzAiOnsiY3JlYXRlIjoxODAwMDAwMDAwMDAwLCJkZWxldGUiOjYwMDAwMDAwMDAwMH19",
          "dependencies": [
            "aws_efs_file_system.my-efs",
            "aws_security_group.web_server_efs_sg",
            "aws_security_group.web_server_ping_sg",
            "aws_security_group.web_server_sg",
            "aws_security_group.web_server_ssh_sg",
            "aws_subnet.Private-2",
            "aws_vpc.Web_env"
          ]
        }
      ]
    },
    {
      "mode": "managed",
      "type": "aws_efs_mount_target",
      "name": "efs_mount_3",
      "provider": "provider[\"registry.terraform.io/hashicorp/aws\"]",
      "instances": [
        {
          "schema_version": 0,
          "attributes": {
            "availability_zone_id": "use1-az1",
            "availability_zone_name": "us-east-1c",
            "dns_name": "fs-09dd6258899f721be.efs.us-east-1.amazonaws.com",
            "file_system_arn": "arn:aws:elasticfilesystem:us-east-1:233489832487:file-system/fs-09dd6258899f721be",
            "file_system_id": "fs-09dd6258899f721be",
            "id": "fsmt-058499922932750e5",
            "ip_address": "10.0.6.77",
            "mount_target_dns_name": "us-east-1c.fs-09dd6258899f721be.efs.us-east-1.amazonaws.com",
            "network_interface_id": "eni-08453faa8587a00dd",
            "owner_id": "233489832487",
            "security_groups": [
              "sg-023c3635cce2d4803",
              "sg-051ea0848a5a75d3b",
              "sg-0771a7fc0f3c66f9c",
              "sg-0d9285ebb7b978f3a"
            ],
            "subnet_id": "subnet-0f036b890ba9a557e",
            "timeouts": null
          },
          "sensitive_attributes": [],
          "private": "eyJlMmJmYjczMC1lY2FhLTExZTYtOGY4OC0zNDM2M2JjN2M0YzAiOnsiY3JlYXRlIjoxODAwMDAwMDAwMDAwLCJkZWxldGUiOjYwMDAwMDAwMDAwMH19",
          "dependencies": [
            "aws_efs_file_system.my-efs",
            "aws_security_group.web_server_efs_sg",
            "aws_security_group.web_server_ping_sg",
            "aws_security_group.web_server_sg",
            "aws_security_group.web_server_ssh_sg",
            "aws_subnet.Private-3",
            "aws_vpc.Web_env"
          ]
        }
      ]
    },
    {
      "mode": "managed",
      "type": "aws_eip",
      "name": "nat_allocated_ip",
      "provider": "provider[\"registry.terraform.io/hashicorp/aws\"]",
      "instances": [
        {
          "schema_version": 0,
          "attributes": {
            "address": null,
            "allocation_id": "eipalloc-0c3659d378ec6a4d3",
            "associate_with_private_ip": null,
            "association_id": "",
            "carrier_ip": "",
            "customer_owned_ip": "",
            "customer_owned_ipv4_pool": "",
            "domain": "vpc",
            "id": "eipalloc-0c3659d378ec6a4d3",
            "instance": "",
            "network_border_group": "us-east-1",
            "network_interface": "",
            "private_dns": null,
            "private_ip": "",
            "public_dns": "ec2-52-20-123-6.compute-1.amazonaws.com",
            "public_ip": "52.20.123.6",
            "public_ipv4_pool": "amazon",
            "tags": null,
            "tags_all": {},
            "timeouts": null,
            "vpc": true
          },
          "sensitive_attributes": [],
          "private": "eyJlMmJmYjczMC1lY2FhLTExZTYtOGY4OC0zNDM2M2JjN2M0YzAiOnsiZGVsZXRlIjoxODAwMDAwMDAwMDAsInJlYWQiOjkwMDAwMDAwMDAwMCwidXBkYXRlIjozMDAwMDAwMDAwMDB9fQ=="
        }
      ]
    },
    {
      "mode": "managed",
      "type": "aws_instance",
      "name": "web-server-1",
      "provider": "provider[\"registry.terraform.io/hashicorp/aws\"]",
      "instances": [
        {
          "schema_version": 1,
          "attributes": {
            "ami": "ami-03fa477d477703122",
            "arn": "arn:aws:ec2:us-east-1:233489832487:instance/i-07ba96b13191aca8c",
            "associate_public_ip_address": true,
            "availability_zone": "us-east-1a",
            "capacity_reservation_specification": [
              {
                "capacity_reservation_preference": "open",
                "capacity_reservation_target": []
              }
            ],
            "cpu_core_count": 1,
            "cpu_options": [
              {
                "amd_sev_snp": "",
                "core_count": 1,
                "threads_per_core": 1
              }
            ],
            "cpu_threads_per_core": 1,
            "credit_specification": [
              {
                "cpu_credits": "standard"
              }
            ],
            "disable_api_stop": false,
            "disable_api_termination": false,
            "ebs_block_device": [],
            "ebs_optimized": false,
            "enclave_options": [
              {
                "enabled": false
              }
            ],
            "ephemeral_block_device": [],
            "get_password_data": false,
            "hibernation": false,
            "host_id": "",
            "host_resource_group_arn": null,
            "iam_instance_profile": "",
            "id": "i-07ba96b13191aca8c",
            "instance_initiated_shutdown_behavior": "stop",
            "instance_state": "running",
            "instance_type": "t2.micro",
            "ipv6_address_count": 0,
            "ipv6_addresses": [],
            "key_name": "deployer-key",
            "launch_template": [],
            "maintenance_options": [
              {
                "auto_recovery": "default"
              }
            ],
            "metadata_options": [
              {
                "http_endpoint": "enabled",
                "http_put_response_hop_limit": 1,
                "http_tokens": "optional",
                "instance_metadata_tags": "disabled"
              }
            ],
            "monitoring": false,
            "network_interface": [],
            "outpost_arn": "",
            "password_data": "",
            "placement_group": "",
            "placement_partition_number": 0,
            "primary_network_interface_id": "eni-0abb18655a0d38c6e",
            "private_dns": "ip-10-0-1-51.ec2.internal",
            "private_dns_name_options": [
              {
                "enable_resource_name_dns_a_record": false,
                "enable_resource_name_dns_aaaa_record": false,
                "hostname_type": "ip-name"
              }
            ],
            "private_ip": "10.0.1.51",
            "public_dns": "ec2-3-89-49-240.compute-1.amazonaws.com",
            "public_ip": "3.89.49.240",
            "root_block_device": [
              {
                "delete_on_termination": true,
                "device_name": "/dev/sda1",
                "encrypted": false,
                "iops": 100,
                "kms_key_id": "",
                "tags": {},
                "throughput": 0,
                "volume_id": "vol-0fad3f8cb67e66e97",
                "volume_size": 8,
                "volume_type": "gp2"
              }
            ],
            "secondary_private_ips": [],
            "security_groups": [
              "sg-023c3635cce2d4803",
              "sg-051ea0848a5a75d3b",
              "sg-0771a7fc0f3c66f9c",
              "sg-0d9285ebb7b978f3a"
            ],
            "source_dest_check": true,
            "subnet_id": "subnet-0893c6c5473a550b7",
            "tags": {
              "Name": "Web-server-1"
            },
            "tags_all": {
              "Name": "Web-server-1"
            },
            "tenancy": "default",
            "timeouts": null,
            "user_data": "fdc7a3ad053e3c954d158a432e54c1454b26208b",
            "user_data_base64": null,
            "user_data_replace_on_change": false,
            "volume_tags": null,
            "vpc_security_group_ids": [
              "sg-023c3635cce2d4803",
              "sg-051ea0848a5a75d3b",
              "sg-0771a7fc0f3c66f9c",
              "sg-0d9285ebb7b978f3a"
            ]
          },
          "sensitive_attributes": [],
          "private": "eyJlMmJmYjczMC1lY2FhLTExZTYtOGY4OC0zNDM2M2JjN2M0YzAiOnsiY3JlYXRlIjo2MDAwMDAwMDAwMDAsImRlbGV0ZSI6MTIwMDAwMDAwMDAwMCwidXBkYXRlIjo2MDAwMDAwMDAwMDB9LCJzY2hlbWFfdmVyc2lvbiI6IjEifQ==",
          "dependencies": [
            "aws_key_pair.deployer",
            "aws_security_group.web_server_efs_sg",
            "aws_security_group.web_server_ping_sg",
            "aws_security_group.web_server_sg",
            "aws_security_group.web_server_ssh_sg",
            "aws_subnet.Public-1",
            "aws_vpc.Web_env",
            "data.aws_ami.ubuntu",
            "tls_private_key.my_key"
          ]
        }
      ]
    },
    {
      "mode": "managed",
      "type": "aws_instance",
      "name": "web-server-2",
      "provider": "provider[\"registry.terraform.io/hashicorp/aws\"]",
      "instances": [
        {
          "schema_version": 1,
          "attributes": {
            "ami": "ami-03fa477d477703122",
            "arn": "arn:aws:ec2:us-east-1:233489832487:instance/i-0f8f59637d2ec8f79",
            "associate_public_ip_address": true,
            "availability_zone": "us-east-1b",
            "capacity_reservation_specification": [
              {
                "capacity_reservation_preference": "open",
                "capacity_reservation_target": []
              }
            ],
            "cpu_core_count": 1,
            "cpu_options": [
              {
                "amd_sev_snp": "",
                "core_count": 1,
                "threads_per_core": 1
              }
            ],
            "cpu_threads_per_core": 1,
            "credit_specification": [
              {
                "cpu_credits": "standard"
              }
            ],
            "disable_api_stop": false,
            "disable_api_termination": false,
            "ebs_block_device": [],
            "ebs_optimized": false,
            "enclave_options": [
              {
                "enabled": false
              }
            ],
            "ephemeral_block_device": [],
            "get_password_data": false,
            "hibernation": false,
            "host_id": "",
            "host_resource_group_arn": null,
            "iam_instance_profile": "",
            "id": "i-0f8f59637d2ec8f79",
            "instance_initiated_shutdown_behavior": "stop",
            "instance_state": "running",
            "instance_type": "t2.micro",
            "ipv6_address_count": 0,
            "ipv6_addresses": [],
            "key_name": "deployer-key",
            "launch_template": [],
            "maintenance_options": [
              {
                "auto_recovery": "default"
              }
            ],
            "metadata_options": [
              {
                "http_endpoint": "enabled",
                "http_put_response_hop_limit": 1,
                "http_tokens": "optional",
                "instance_metadata_tags": "disabled"
              }
            ],
            "monitoring": false,
            "network_interface": [],
            "outpost_arn": "",
            "password_data": "",
            "placement_group": "",
            "placement_partition_number": 0,
            "primary_network_interface_id": "eni-04688f00bd8f05fbb",
            "private_dns": "ip-10-0-2-97.ec2.internal",
            "private_dns_name_options": [
              {
                "enable_resource_name_dns_a_record": false,
                "enable_resource_name_dns_aaaa_record": false,
                "hostname_type": "ip-name"
              }
            ],
            "private_ip": "10.0.2.97",
            "public_dns": "ec2-54-242-43-197.compute-1.amazonaws.com",
            "public_ip": "54.242.43.197",
            "root_block_device": [
              {
                "delete_on_termination": true,
                "device_name": "/dev/sda1",
                "encrypted": false,
                "iops": 100,
                "kms_key_id": "",
                "tags": {},
                "throughput": 0,
                "volume_id": "vol-00b6180023ab60f43",
                "volume_size": 8,
                "volume_type": "gp2"
              }
            ],
            "secondary_private_ips": [],
            "security_groups": [
              "sg-023c3635cce2d4803",
              "sg-051ea0848a5a75d3b",
              "sg-0771a7fc0f3c66f9c",
              "sg-0d9285ebb7b978f3a"
            ],
            "source_dest_check": true,
            "subnet_id": "subnet-0a9226c44ce574652",
            "tags": {
              "Name": "Web-server-2"
            },
            "tags_all": {
              "Name": "Web-server-2"
            },
            "tenancy": "default",
            "timeouts": null,
            "user_data": "81ff4745d733bf24c8f2f7d1cfa51204576c039f",
            "user_data_base64": null,
            "user_data_replace_on_change": false,
            "volume_tags": null,
            "vpc_security_group_ids": [
              "sg-023c3635cce2d4803",
              "sg-051ea0848a5a75d3b",
              "sg-0771a7fc0f3c66f9c",
              "sg-0d9285ebb7b978f3a"
            ]
          },
          "sensitive_attributes": [],
          "private": "eyJlMmJmYjczMC1lY2FhLTExZTYtOGY4OC0zNDM2M2JjN2M0YzAiOnsiY3JlYXRlIjo2MDAwMDAwMDAwMDAsImRlbGV0ZSI6MTIwMDAwMDAwMDAwMCwidXBkYXRlIjo2MDAwMDAwMDAwMDB9LCJzY2hlbWFfdmVyc2lvbiI6IjEifQ==",
          "dependencies": [
            "aws_key_pair.deployer",
            "aws_security_group.web_server_efs_sg",
            "aws_security_group.web_server_ping_sg",
            "aws_security_group.web_server_sg",
            "aws_security_group.web_server_ssh_sg",
            "aws_subnet.Public-2",
            "aws_vpc.Web_env",
            "data.aws_ami.ubuntu",
            "tls_private_key.my_key"
          ]
        }
      ]
    },
    {
      "mode": "managed",
      "type": "aws_instance",
      "name": "web-server-3",
      "provider": "provider[\"registry.terraform.io/hashicorp/aws\"]",
      "instances": [
        {
          "schema_version": 1,
          "attributes": {
            "ami": "ami-03fa477d477703122",
            "arn": "arn:aws:ec2:us-east-1:233489832487:instance/i-04a5e5513d05ee5ec",
            "associate_public_ip_address": true,
            "availability_zone": "us-east-1c",
            "capacity_reservation_specification": [
              {
                "capacity_reservation_preference": "open",
                "capacity_reservation_target": []
              }
            ],
            "cpu_core_count": 1,
            "cpu_options": [
              {
                "amd_sev_snp": "",
                "core_count": 1,
                "threads_per_core": 1
              }
            ],
            "cpu_threads_per_core": 1,
            "credit_specification": [
              {
                "cpu_credits": "standard"
              }
            ],
            "disable_api_stop": false,
            "disable_api_termination": false,
            "ebs_block_device": [],
            "ebs_optimized": false,
            "enclave_options": [
              {
                "enabled": false
              }
            ],
            "ephemeral_block_device": [],
            "get_password_data": false,
            "hibernation": false,
            "host_id": "",
            "host_resource_group_arn": null,
            "iam_instance_profile": "",
            "id": "i-04a5e5513d05ee5ec",
            "instance_initiated_shutdown_behavior": "stop",
            "instance_state": "running",
            "instance_type": "t2.micro",
            "ipv6_address_count": 0,
            "ipv6_addresses": [],
            "key_name": "deployer-key",
            "launch_template": [],
            "maintenance_options": [
              {
                "auto_recovery": "default"
              }
            ],
            "metadata_options": [
              {
                "http_endpoint": "enabled",
                "http_put_response_hop_limit": 1,
                "http_tokens": "optional",
                "instance_metadata_tags": "disabled"
              }
            ],
            "monitoring": false,
            "network_interface": [],
            "outpost_arn": "",
            "password_data": "",
            "placement_group": "",
            "placement_partition_number": 0,
            "primary_network_interface_id": "eni-05e52f9b2dc5dd52b",
            "private_dns": "ip-10-0-3-231.ec2.internal",
            "private_dns_name_options": [
              {
                "enable_resource_name_dns_a_record": false,
                "enable_resource_name_dns_aaaa_record": false,
                "hostname_type": "ip-name"
              }
            ],
            "private_ip": "10.0.3.231",
            "public_dns": "ec2-44-198-190-233.compute-1.amazonaws.com",
            "public_ip": "44.198.190.233",
            "root_block_device": [
              {
                "delete_on_termination": true,
                "device_name": "/dev/sda1",
                "encrypted": false,
                "iops": 100,
                "kms_key_id": "",
                "tags": {},
                "throughput": 0,
                "volume_id": "vol-0022bee7a13094afd",
                "volume_size": 8,
                "volume_type": "gp2"
              }
            ],
            "secondary_private_ips": [],
            "security_groups": [
              "sg-023c3635cce2d4803",
              "sg-051ea0848a5a75d3b",
              "sg-0771a7fc0f3c66f9c",
              "sg-0d9285ebb7b978f3a"
            ],
            "source_dest_check": true,
            "subnet_id": "subnet-0fe75bf45db8a4f9e",
            "tags": {
              "Name": "Web-server-3"
            },
            "tags_all": {
              "Name": "Web-server-3"
            },
            "tenancy": "default",
            "timeouts": null,
            "user_data": "d1a027a364f6963a0c4f9f3acaa14862a3ada833",
            "user_data_base64": null,
            "user_data_replace_on_change": false,
            "volume_tags": null,
            "vpc_security_group_ids": [
              "sg-023c3635cce2d4803",
              "sg-051ea0848a5a75d3b",
              "sg-0771a7fc0f3c66f9c",
              "sg-0d9285ebb7b978f3a"
            ]
          },
          "sensitive_attributes": [],
          "private": "eyJlMmJmYjczMC1lY2FhLTExZTYtOGY4OC0zNDM2M2JjN2M0YzAiOnsiY3JlYXRlIjo2MDAwMDAwMDAwMDAsImRlbGV0ZSI6MTIwMDAwMDAwMDAwMCwidXBkYXRlIjo2MDAwMDAwMDAwMDB9LCJzY2hlbWFfdmVyc2lvbiI6IjEifQ==",
          "dependencies": [
            "aws_key_pair.deployer",
            "aws_security_group.web_server_efs_sg",
            "aws_security_group.web_server_ping_sg",
            "aws_security_group.web_server_sg",
            "aws_security_group.web_server_ssh_sg",
            "aws_subnet.Public-3",
            "aws_vpc.Web_env",
            "data.aws_ami.ubuntu",
            "tls_private_key.my_key"
          ]
        }
      ]
    },
    {
      "mode": "managed",
      "type": "aws_internet_gateway",
      "name": "igw",
      "provider": "provider[\"registry.terraform.io/hashicorp/aws\"]",
      "instances": [
        {
          "schema_version": 0,
          "attributes": {
            "arn": "arn:aws:ec2:us-east-1:233489832487:internet-gateway/igw-0178b53c2545bac5d",
            "id": "igw-0178b53c2545bac5d",
            "owner_id": "233489832487",
            "tags": {
              "Name": "My-IGW"
            },
            "tags_all": {
              "Name": "My-IGW"
            },
            "timeouts": null,
            "vpc_id": "vpc-0abaaa046b2e19dbf"
          },
          "sensitive_attributes": [],
          "private": "eyJlMmJmYjczMC1lY2FhLTExZTYtOGY4OC0zNDM2M2JjN2M0YzAiOnsiY3JlYXRlIjoxMjAwMDAwMDAwMDAwLCJkZWxldGUiOjEyMDAwMDAwMDAwMDAsInVwZGF0ZSI6MTIwMDAwMDAwMDAwMH19",
          "dependencies": [
            "aws_vpc.Web_env"
          ]
        }
      ]
    },
    {
      "mode": "managed",
      "type": "aws_key_pair",
      "name": "deployer",
      "provider": "provider[\"registry.terraform.io/hashicorp/aws\"]",
      "instances": [
        {
          "schema_version": 1,
          "attributes": {
            "arn": "arn:aws:ec2:us-east-1:233489832487:key-pair/deployer-key",
            "fingerprint": "1b:70:e7:d1:9c:1c:da:8c:29:11:2e:c7:ed:75:d1:58",
            "id": "deployer-key",
            "key_name": "deployer-key",
            "key_name_prefix": "",
            "key_pair_id": "key-0f4c27f4683a0b9e8",
            "key_type": "rsa",
            "public_key": "ssh-rsa AAAAB3NzaC1yc2EAAAADAQABAAACAQDrS8UZhy+BakFodzKvV+eTGoIqTyNIVtM1quI2Bu5QbC6AP5OecJaw9v+PtUOaAfXAdWnCtJNTdIZeHbYAwB1QtNuByUFvjKTRO4sCb+6jsrAxZRGlgFcrGhcdmEiX1XWTzlnmg8Kf91SWCMlTSR2zBU67b/ru2iXxgMnDGjRwisfqVm1jmoOift14e/J03FXf7VWxtGBdjXnfM4Wqr+Ms8sapISMgSxZOQgjHtUhltI9LYlxsjacuop8kTFUm+U2KOqdcZxtP/aPfr5uW2R+g9pYfhcPTF8oUlFTfyJLMZhVi+MzkFELkkPquNY5PrpefVeWMSJRHn2U1zwlP8DEqRribG27vekkClY8b+2+F81xSzmROYWsZbPbOHTe2muzJ0pDWwWnG0wKWtgx5ZxMPcxxJnDF9Mx94/eYPlQl0aCCPi5vIF2ojHVfOMsq9fFs5SO3m5zaGQYS4d8jSUY+r8EO4GdmFKuxp1moYAkw19ZcOHw4HeZaDtO+rPG6BA4L74mnlIJj5Q0Wcvq/g3mqgcRyGRM5IA8PRea+9j4aAzri2q9+a6Pp7hUWU/jU3YSc2J3l6b0MxKwoDPP/qfmifP1by0i3LCSRyLiUcE9KvstyiNrKBheujQ6Vb5cemRTe68s+l1cZQKRbAfxKQr8yKMJBZ/DXRiru61xU8sQe+8Q==",
            "tags": null,
            "tags_all": {}
          },
          "sensitive_attributes": [],
          "private": "eyJzY2hlbWFfdmVyc2lvbiI6IjEifQ==",
          "dependencies": [
            "tls_private_key.my_key"
          ]
        }
      ]
    },
    {
      "mode": "managed",
      "type": "aws_lb",
      "name": "appl_elb",
      "provider": "provider[\"registry.terraform.io/hashicorp/aws\"]",
      "instances": [
        {
          "schema_version": 0,
          "attributes": {
            "access_logs": [
              {
                "bucket": "",
                "enabled": false,
                "prefix": ""
              }
            ],
            "arn": "arn:aws:elasticloadbalancing:us-east-1:233489832487:loadbalancer/app/test-lb/12826c137af672d4",
            "arn_suffix": "app/test-lb/12826c137af672d4",
            "customer_owned_ipv4_pool": "",
            "desync_mitigation_mode": "defensive",
            "dns_name": "test-lb-1690559154.us-east-1.elb.amazonaws.com",
            "drop_invalid_header_fields": false,
            "enable_cross_zone_load_balancing": true,
            "enable_deletion_protection": true,
            "enable_http2": true,
            "enable_tls_version_and_cipher_suite_headers": false,
            "enable_waf_fail_open": false,
            "enable_xff_client_port": false,
            "id": "arn:aws:elasticloadbalancing:us-east-1:233489832487:loadbalancer/app/test-lb/12826c137af672d4",
            "idle_timeout": 60,
            "internal": false,
            "ip_address_type": "ipv4",
            "load_balancer_type": "application",
            "name": "test-lb",
            "name_prefix": null,
            "preserve_host_header": false,
            "security_groups": [
              "sg-0d9285ebb7b978f3a"
            ],
            "subnet_mapping": [
              {
                "allocation_id": "",
                "ipv6_address": "",
                "outpost_id": "",
                "private_ipv4_address": "",
                "subnet_id": "subnet-0893c6c5473a550b7"
              },
              {
                "allocation_id": "",
                "ipv6_address": "",
                "outpost_id": "",
                "private_ipv4_address": "",
                "subnet_id": "subnet-0a9226c44ce574652"
              },
              {
                "allocation_id": "",
                "ipv6_address": "",
                "outpost_id": "",
                "private_ipv4_address": "",
                "subnet_id": "subnet-0fe75bf45db8a4f9e"
              }
            ],
            "subnets": [
              "subnet-0893c6c5473a550b7",
              "subnet-0a9226c44ce574652",
              "subnet-0fe75bf45db8a4f9e"
            ],
            "tags": {
              "Environment": "appl-lb"
            },
            "tags_all": {
              "Environment": "appl-lb"
            },
            "timeouts": null,
            "vpc_id": "vpc-0abaaa046b2e19dbf",
            "xff_header_processing_mode": "append",
            "zone_id": "Z35SXDOTRQ7X7K"
          },
          "sensitive_attributes": [],
          "private": "eyJlMmJmYjczMC1lY2FhLTExZTYtOGY4OC0zNDM2M2JjN2M0YzAiOnsiY3JlYXRlIjo2MDAwMDAwMDAwMDAsImRlbGV0ZSI6NjAwMDAwMDAwMDAwLCJ1cGRhdGUiOjYwMDAwMDAwMDAwMH19",
          "dependencies": [
            "aws_security_group.web_server_sg",
            "aws_subnet.Public-1",
            "aws_subnet.Public-2",
            "aws_subnet.Public-3",
            "aws_vpc.Web_env"
          ]
        }
      ]
    },
    {
      "mode": "managed",
      "type": "aws_lb_listener",
      "name": "elb_listner",
      "provider": "provider[\"registry.terraform.io/hashicorp/aws\"]",
      "instances": [
        {
          "schema_version": 0,
          "attributes": {
            "alpn_policy": null,
            "arn": "arn:aws:elasticloadbalancing:us-east-1:233489832487:listener/app/test-lb/12826c137af672d4/c3f70e9394752f95",
            "certificate_arn": null,
            "default_action": [
              {
                "authenticate_cognito": [],
                "authenticate_oidc": [],
                "fixed_response": [],
                "forward": [],
                "order": 1,
                "redirect": [],
                "target_group_arn": "arn:aws:elasticloadbalancing:us-east-1:233489832487:targetgroup/elb-tg/cec07478352b9bfd",
                "type": "forward"
              }
            ],
            "id": "arn:aws:elasticloadbalancing:us-east-1:233489832487:listener/app/test-lb/12826c137af672d4/c3f70e9394752f95",
            "load_balancer_arn": "arn:aws:elasticloadbalancing:us-east-1:233489832487:loadbalancer/app/test-lb/12826c137af672d4",
            "port": 80,
            "protocol": "HTTP",
            "ssl_policy": "",
            "tags": null,
            "tags_all": {},
            "timeouts": null
          },
          "sensitive_attributes": [],
          "private": "eyJlMmJmYjczMC1lY2FhLTExZTYtOGY4OC0zNDM2M2JjN2M0YzAiOnsicmVhZCI6NjAwMDAwMDAwMDAwfX0=",
          "dependencies": [
            "aws_lb.appl_elb",
            "aws_lb_target_group.elb_tg",
            "aws_security_group.web_server_sg",
            "aws_subnet.Public-1",
            "aws_subnet.Public-2",
            "aws_subnet.Public-3",
            "aws_vpc.Web_env"
          ]
        }
      ]
    },
    {
      "mode": "managed",
      "type": "aws_lb_target_group",
      "name": "elb_tg",
      "provider": "provider[\"registry.terraform.io/hashicorp/aws\"]",
      "instances": [
        {
          "schema_version": 0,
          "attributes": {
            "arn": "arn:aws:elasticloadbalancing:us-east-1:233489832487:targetgroup/elb-tg/cec07478352b9bfd",
            "arn_suffix": "targetgroup/elb-tg/cec07478352b9bfd",
            "connection_termination": false,
            "deregistration_delay": "300",
            "health_check": [
              {
                "enabled": true,
                "healthy_threshold": 5,
                "interval": 30,
                "matcher": "200",
                "path": "/",
                "port": "traffic-port",
                "protocol": "HTTP",
                "timeout": 5,
                "unhealthy_threshold": 2
              }
            ],
            "id": "arn:aws:elasticloadbalancing:us-east-1:233489832487:targetgroup/elb-tg/cec07478352b9bfd",
            "ip_address_type": "ipv4",
            "lambda_multi_value_headers_enabled": false,
            "load_balancing_algorithm_type": "round_robin",
            "load_balancing_cross_zone_enabled": "use_load_balancer_configuration",
            "name": "elb-tg",
            "name_prefix": null,
            "port": 80,
            "preserve_client_ip": null,
            "protocol": "HTTP",
            "protocol_version": "HTTP1",
            "proxy_protocol_v2": false,
            "slow_start": 0,
            "stickiness": [
              {
                "cookie_duration": 86400,
                "cookie_name": "",
                "enabled": false,
                "type": "lb_cookie"
              }
            ],
            "tags": null,
            "tags_all": {},
            "target_failover": [
              {
                "on_deregistration": null,
                "on_unhealthy": null
              }
            ],
            "target_type": "instance",
            "vpc_id": "vpc-0abaaa046b2e19dbf"
          },
          "sensitive_attributes": [],
          "private": "bnVsbA==",
          "dependencies": [
            "aws_vpc.Web_env"
          ]
        }
      ]
    },
    {
      "mode": "managed",
      "type": "aws_lb_target_group_attachment",
      "name": "target-1",
      "provider": "provider[\"registry.terraform.io/hashicorp/aws\"]",
      "instances": [
        {
          "schema_version": 0,
          "attributes": {
            "availability_zone": null,
            "id": "arn:aws:elasticloadbalancing:us-east-1:233489832487:targetgroup/elb-tg/cec07478352b9bfd-20230615211246657800000005",
            "port": 80,
            "target_group_arn": "arn:aws:elasticloadbalancing:us-east-1:233489832487:targetgroup/elb-tg/cec07478352b9bfd",
            "target_id": "i-07ba96b13191aca8c"
          },
          "sensitive_attributes": [],
          "private": "bnVsbA==",
          "dependencies": [
            "aws_instance.web-server-1",
            "aws_key_pair.deployer",
            "aws_lb_target_group.elb_tg",
            "aws_security_group.web_server_efs_sg",
            "aws_security_group.web_server_ping_sg",
            "aws_security_group.web_server_sg",
            "aws_security_group.web_server_ssh_sg",
            "aws_subnet.Public-1",
            "aws_vpc.Web_env",
            "data.aws_ami.ubuntu",
            "tls_private_key.my_key"
          ]
        }
      ]
    },
    {
      "mode": "managed",
      "type": "aws_lb_target_group_attachment",
      "name": "target-2",
      "provider": "provider[\"registry.terraform.io/hashicorp/aws\"]",
      "instances": [
        {
          "schema_version": 0,
          "attributes": {
            "availability_zone": null,
            "id": "arn:aws:elasticloadbalancing:us-east-1:233489832487:targetgroup/elb-tg/cec07478352b9bfd-20230615211257035200000007",
            "port": 80,
            "target_group_arn": "arn:aws:elasticloadbalancing:us-east-1:233489832487:targetgroup/elb-tg/cec07478352b9bfd",
            "target_id": "i-0f8f59637d2ec8f79"
          },
          "sensitive_attributes": [],
          "private": "bnVsbA==",
          "dependencies": [
            "aws_instance.web-server-2",
            "aws_key_pair.deployer",
            "aws_lb_target_group.elb_tg",
            "aws_security_group.web_server_efs_sg",
            "aws_security_group.web_server_ping_sg",
            "aws_security_group.web_server_sg",
            "aws_security_group.web_server_ssh_sg",
            "aws_subnet.Public-2",
            "aws_vpc.Web_env",
            "data.aws_ami.ubuntu",
            "tls_private_key.my_key"
          ]
        }
      ]
    },
    {
      "mode": "managed",
      "type": "aws_lb_target_group_attachment",
      "name": "target-3",
      "provider": "provider[\"registry.terraform.io/hashicorp/aws\"]",
      "instances": [
        {
          "schema_version": 0,
          "attributes": {
            "availability_zone": null,
            "id": "arn:aws:elasticloadbalancing:us-east-1:233489832487:targetgroup/elb-tg/cec07478352b9bfd-20230615211256679200000006",
            "port": 80,
            "target_group_arn": "arn:aws:elasticloadbalancing:us-east-1:233489832487:targetgroup/elb-tg/cec07478352b9bfd",
            "target_id": "i-04a5e5513d05ee5ec"
          },
          "sensitive_attributes": [],
          "private": "bnVsbA==",
          "dependencies": [
            "aws_instance.web-server-3",
            "aws_key_pair.deployer",
            "aws_lb_target_group.elb_tg",
            "aws_security_group.web_server_efs_sg",
            "aws_security_group.web_server_ping_sg",
            "aws_security_group.web_server_sg",
            "aws_security_group.web_server_ssh_sg",
            "aws_subnet.Public-3",
            "aws_vpc.Web_env",
            "data.aws_ami.ubuntu",
            "tls_private_key.my_key"
          ]
        }
      ]
    },
    {
      "mode": "managed",
      "type": "aws_nat_gateway",
      "name": "My-NAT-gw",
      "provider": "provider[\"registry.terraform.io/hashicorp/aws\"]",
      "instances": [
        {
          "schema_version": 0,
          "attributes": {
            "allocation_id": "eipalloc-0c3659d378ec6a4d3",
            "association_id": "eipassoc-0f28ad0aef6191463",
            "connectivity_type": "public",
            "id": "nat-08e4347522a207765",
            "network_interface_id": "eni-0a4640178179b544f",
            "private_ip": "10.0.1.67",
            "public_ip": "52.20.123.6",
            "subnet_id": "subnet-0893c6c5473a550b7",
            "tags": {
              "Name": "NAT gateway"
            },
            "tags_all": {
              "Name": "NAT gateway"
            }
          },
          "sensitive_attributes": [],
          "private": "bnVsbA==",
          "dependencies": [
            "aws_eip.nat_allocated_ip",
            "aws_internet_gateway.igw",
            "aws_subnet.Public-1",
            "aws_vpc.Web_env"
          ]
        }
      ]
    },
    {
      "mode": "managed",
      "type": "aws_route_table",
      "name": "Private_RT",
      "provider": "provider[\"registry.terraform.io/hashicorp/aws\"]",
      "instances": [
        {
          "schema_version": 0,
          "attributes": {
            "arn": "arn:aws:ec2:us-east-1:233489832487:route-table/rtb-086692eb92f5d216c",
            "id": "rtb-086692eb92f5d216c",
            "owner_id": "233489832487",
            "propagating_vgws": [],
            "route": [
              {
                "carrier_gateway_id": "",
                "cidr_block": "0.0.0.0/0",
                "core_network_arn": "",
                "destination_prefix_list_id": "",
                "egress_only_gateway_id": "",
                "gateway_id": "nat-08e4347522a207765",
                "instance_id": "",
                "ipv6_cidr_block": "",
                "local_gateway_id": "",
                "nat_gateway_id": "",
                "network_interface_id": "",
                "transit_gateway_id": "",
                "vpc_endpoint_id": "",
                "vpc_peering_connection_id": ""
              }
            ],
            "tags": {
              "Name": "Private_RT"
            },
            "tags_all": {
              "Name": "Private_RT"
            },
            "timeouts": null,
            "vpc_id": "vpc-0abaaa046b2e19dbf"
          },
          "sensitive_attributes": [],
          "private": "eyJlMmJmYjczMC1lY2FhLTExZTYtOGY4OC0zNDM2M2JjN2M0YzAiOnsiY3JlYXRlIjozMDAwMDAwMDAwMDAsImRlbGV0ZSI6MzAwMDAwMDAwMDAwLCJ1cGRhdGUiOjEyMDAwMDAwMDAwMH19",
          "dependencies": [
            "aws_eip.nat_allocated_ip",
            "aws_internet_gateway.igw",
            "aws_nat_gateway.My-NAT-gw",
            "aws_subnet.Public-1",
            "aws_vpc.Web_env"
          ]
        }
      ]
    },
    {
      "mode": "managed",
      "type": "aws_route_table",
      "name": "Public_RT",
      "provider": "provider[\"registry.terraform.io/hashicorp/aws\"]",
      "instances": [
        {
          "schema_version": 0,
          "attributes": {
            "arn": "arn:aws:ec2:us-east-1:233489832487:route-table/rtb-063923cd7c04d1efd",
            "id": "rtb-063923cd7c04d1efd",
            "owner_id": "233489832487",
            "propagating_vgws": [],
            "route": [
              {
                "carrier_gateway_id": "",
                "cidr_block": "0.0.0.0/0",
                "core_network_arn": "",
                "destination_prefix_list_id": "",
                "egress_only_gateway_id": "",
                "gateway_id": "igw-0178b53c2545bac5d",
                "instance_id": "",
                "ipv6_cidr_block": "",
                "local_gateway_id": "",
                "nat_gateway_id": "",
                "network_interface_id": "",
                "transit_gateway_id": "",
                "vpc_endpoint_id": "",
                "vpc_peering_connection_id": ""
              }
            ],
            "tags": {
              "Name": "Public_RT"
            },
            "tags_all": {
              "Name": "Public_RT"
            },
            "timeouts": null,
            "vpc_id": "vpc-0abaaa046b2e19dbf"
          },
          "sensitive_attributes": [],
          "private": "eyJlMmJmYjczMC1lY2FhLTExZTYtOGY4OC0zNDM2M2JjN2M0YzAiOnsiY3JlYXRlIjozMDAwMDAwMDAwMDAsImRlbGV0ZSI6MzAwMDAwMDAwMDAwLCJ1cGRhdGUiOjEyMDAwMDAwMDAwMH19",
          "dependencies": [
            "aws_internet_gateway.igw",
            "aws_vpc.Web_env"
          ]
        }
      ]
    },
    {
      "mode": "managed",
      "type": "aws_route_table_association",
      "name": "Private_RT-Private-1",
      "provider": "provider[\"registry.terraform.io/hashicorp/aws\"]",
      "instances": [
        {
          "schema_version": 0,
          "attributes": {
            "gateway_id": "",
            "id": "rtbassoc-0124fb03a6b2f3241",
            "route_table_id": "rtb-086692eb92f5d216c",
            "subnet_id": "subnet-0e2d5a143652ea9aa",
            "timeouts": null
          },
          "sensitive_attributes": [],
          "private": "eyJlMmJmYjczMC1lY2FhLTExZTYtOGY4OC0zNDM2M2JjN2M0YzAiOnsiY3JlYXRlIjozMDAwMDAwMDAwMDAsImRlbGV0ZSI6MzAwMDAwMDAwMDAwLCJ1cGRhdGUiOjEyMDAwMDAwMDAwMH19",
          "dependencies": [
            "aws_eip.nat_allocated_ip",
            "aws_internet_gateway.igw",
            "aws_nat_gateway.My-NAT-gw",
            "aws_route_table.Private_RT",
            "aws_subnet.Private-1",
            "aws_subnet.Public-1",
            "aws_vpc.Web_env"
          ]
        }
      ]
    },
    {
      "mode": "managed",
      "type": "aws_route_table_association",
      "name": "Private_RT-Private-2",
      "provider": "provider[\"registry.terraform.io/hashicorp/aws\"]",
      "instances": [
        {
          "schema_version": 0,
          "attributes": {
            "gateway_id": "",
            "id": "rtbassoc-081775d908e20669b",
            "route_table_id": "rtb-086692eb92f5d216c",
            "subnet_id": "subnet-0b215201be446bcc0",
            "timeouts": null
          },
          "sensitive_attributes": [],
          "private": "eyJlMmJmYjczMC1lY2FhLTExZTYtOGY4OC0zNDM2M2JjN2M0YzAiOnsiY3JlYXRlIjozMDAwMDAwMDAwMDAsImRlbGV0ZSI6MzAwMDAwMDAwMDAwLCJ1cGRhdGUiOjEyMDAwMDAwMDAwMH19",
          "dependencies": [
            "aws_eip.nat_allocated_ip",
            "aws_internet_gateway.igw",
            "aws_nat_gateway.My-NAT-gw",
            "aws_route_table.Private_RT",
            "aws_subnet.Private-2",
            "aws_subnet.Public-1",
            "aws_vpc.Web_env"
          ]
        }
      ]
    },
    {
      "mode": "managed",
      "type": "aws_route_table_association",
      "name": "Private_RT-Private-3",
      "provider": "provider[\"registry.terraform.io/hashicorp/aws\"]",
      "instances": [
        {
          "schema_version": 0,
          "attributes": {
            "gateway_id": "",
            "id": "rtbassoc-04d793facfdab968d",
            "route_table_id": "rtb-086692eb92f5d216c",
            "subnet_id": "subnet-0f036b890ba9a557e",
            "timeouts": null
          },
          "sensitive_attributes": [],
          "private": "eyJlMmJmYjczMC1lY2FhLTExZTYtOGY4OC0zNDM2M2JjN2M0YzAiOnsiY3JlYXRlIjozMDAwMDAwMDAwMDAsImRlbGV0ZSI6MzAwMDAwMDAwMDAwLCJ1cGRhdGUiOjEyMDAwMDAwMDAwMH19",
          "dependencies": [
            "aws_eip.nat_allocated_ip",
            "aws_internet_gateway.igw",
            "aws_nat_gateway.My-NAT-gw",
            "aws_route_table.Private_RT",
            "aws_subnet.Private-3",
            "aws_subnet.Public-1",
            "aws_vpc.Web_env"
          ]
        }
      ]
    },
    {
      "mode": "managed",
      "type": "aws_route_table_association",
      "name": "Private_RT-Private-4",
      "provider": "provider[\"registry.terraform.io/hashicorp/aws\"]",
      "instances": [
        {
          "schema_version": 0,
          "attributes": {
            "gateway_id": "",
            "id": "rtbassoc-00133cee8862779b0",
            "route_table_id": "rtb-086692eb92f5d216c",
            "subnet_id": "subnet-0bd2d7dea68c95930",
            "timeouts": null
          },
          "sensitive_attributes": [],
          "private": "eyJlMmJmYjczMC1lY2FhLTExZTYtOGY4OC0zNDM2M2JjN2M0YzAiOnsiY3JlYXRlIjozMDAwMDAwMDAwMDAsImRlbGV0ZSI6MzAwMDAwMDAwMDAwLCJ1cGRhdGUiOjEyMDAwMDAwMDAwMH19",
          "dependencies": [
            "aws_eip.nat_allocated_ip",
            "aws_internet_gateway.igw",
            "aws_nat_gateway.My-NAT-gw",
            "aws_route_table.Private_RT",
            "aws_subnet.Private-4",
            "aws_subnet.Public-1",
            "aws_vpc.Web_env"
          ]
        }
      ]
    },
    {
      "mode": "managed",
      "type": "aws_route_table_association",
      "name": "Private_RT-Private-5",
      "provider": "provider[\"registry.terraform.io/hashicorp/aws\"]",
      "instances": [
        {
          "schema_version": 0,
          "attributes": {
            "gateway_id": "",
            "id": "rtbassoc-0b2635997bb8c95bb",
            "route_table_id": "rtb-086692eb92f5d216c",
            "subnet_id": "subnet-08610aa37319a3bf3",
            "timeouts": null
          },
          "sensitive_attributes": [],
          "private": "eyJlMmJmYjczMC1lY2FhLTExZTYtOGY4OC0zNDM2M2JjN2M0YzAiOnsiY3JlYXRlIjozMDAwMDAwMDAwMDAsImRlbGV0ZSI6MzAwMDAwMDAwMDAwLCJ1cGRhdGUiOjEyMDAwMDAwMDAwMH19",
          "dependencies": [
            "aws_eip.nat_allocated_ip",
            "aws_internet_gateway.igw",
            "aws_nat_gateway.My-NAT-gw",
            "aws_route_table.Private_RT",
            "aws_subnet.Private-5",
            "aws_subnet.Public-1",
            "aws_vpc.Web_env"
          ]
        }
      ]
    },
    {
      "mode": "managed",
      "type": "aws_route_table_association",
      "name": "Private_RT-Private-6",
      "provider": "provider[\"registry.terraform.io/hashicorp/aws\"]",
      "instances": [
        {
          "schema_version": 0,
          "attributes": {
            "gateway_id": "",
            "id": "rtbassoc-010e8301bcd327546",
            "route_table_id": "rtb-086692eb92f5d216c",
            "subnet_id": "subnet-029a49014ce97b7d0",
            "timeouts": null
          },
          "sensitive_attributes": [],
          "private": "eyJlMmJmYjczMC1lY2FhLTExZTYtOGY4OC0zNDM2M2JjN2M0YzAiOnsiY3JlYXRlIjozMDAwMDAwMDAwMDAsImRlbGV0ZSI6MzAwMDAwMDAwMDAwLCJ1cGRhdGUiOjEyMDAwMDAwMDAwMH19",
          "dependencies": [
            "aws_eip.nat_allocated_ip",
            "aws_internet_gateway.igw",
            "aws_nat_gateway.My-NAT-gw",
            "aws_route_table.Private_RT",
            "aws_subnet.Private-6",
            "aws_subnet.Public-1",
            "aws_vpc.Web_env"
          ]
        }
      ]
    },
    {
      "mode": "managed",
      "type": "aws_route_table_association",
      "name": "Public_RT-Public-1",
      "provider": "provider[\"registry.terraform.io/hashicorp/aws\"]",
      "instances": [
        {
          "schema_version": 0,
          "attributes": {
            "gateway_id": "",
            "id": "rtbassoc-091235e1fe925faa6",
            "route_table_id": "rtb-063923cd7c04d1efd",
            "subnet_id": "subnet-0893c6c5473a550b7",
            "timeouts": null
          },
          "sensitive_attributes": [],
          "private": "eyJlMmJmYjczMC1lY2FhLTExZTYtOGY4OC0zNDM2M2JjN2M0YzAiOnsiY3JlYXRlIjozMDAwMDAwMDAwMDAsImRlbGV0ZSI6MzAwMDAwMDAwMDAwLCJ1cGRhdGUiOjEyMDAwMDAwMDAwMH19",
          "dependencies": [
            "aws_internet_gateway.igw",
            "aws_route_table.Public_RT",
            "aws_subnet.Public-1",
            "aws_vpc.Web_env"
          ]
        }
      ]
    },
    {
      "mode": "managed",
      "type": "aws_route_table_association",
      "name": "Public_RT-Public-2",
      "provider": "provider[\"registry.terraform.io/hashicorp/aws\"]",
      "instances": [
        {
          "schema_version": 0,
          "attributes": {
            "gateway_id": "",
            "id": "rtbassoc-0ec934f97561d8d4d",
            "route_table_id": "rtb-063923cd7c04d1efd",
            "subnet_id": "subnet-0a9226c44ce574652",
            "timeouts": null
          },
          "sensitive_attributes": [],
          "private": "eyJlMmJmYjczMC1lY2FhLTExZTYtOGY4OC0zNDM2M2JjN2M0YzAiOnsiY3JlYXRlIjozMDAwMDAwMDAwMDAsImRlbGV0ZSI6MzAwMDAwMDAwMDAwLCJ1cGRhdGUiOjEyMDAwMDAwMDAwMH19",
          "dependencies": [
            "aws_internet_gateway.igw",
            "aws_route_table.Public_RT",
            "aws_subnet.Public-2",
            "aws_vpc.Web_env"
          ]
        }
      ]
    },
    {
      "mode": "managed",
      "type": "aws_route_table_association",
      "name": "Public_RT-Public-3",
      "provider": "provider[\"registry.terraform.io/hashicorp/aws\"]",
      "instances": [
        {
          "schema_version": 0,
          "attributes": {
            "gateway_id": "",
            "id": "rtbassoc-050162c423ffcd6fb",
            "route_table_id": "rtb-063923cd7c04d1efd",
            "subnet_id": "subnet-0fe75bf45db8a4f9e",
            "timeouts": null
          },
          "sensitive_attributes": [],
          "private": "eyJlMmJmYjczMC1lY2FhLTExZTYtOGY4OC0zNDM2M2JjN2M0YzAiOnsiY3JlYXRlIjozMDAwMDAwMDAwMDAsImRlbGV0ZSI6MzAwMDAwMDAwMDAwLCJ1cGRhdGUiOjEyMDAwMDAwMDAwMH19",
          "dependencies": [
            "aws_internet_gateway.igw",
            "aws_route_table.Public_RT",
            "aws_subnet.Public-3",
            "aws_vpc.Web_env"
          ]
        }
      ]
    },
    {
      "mode": "managed",
      "type": "aws_security_group",
      "name": "web_server_efs_sg",
      "provider": "provider[\"registry.terraform.io/hashicorp/aws\"]",
      "instances": [
        {
          "schema_version": 1,
          "attributes": {
            "arn": "arn:aws:ec2:us-east-1:233489832487:security-group/sg-023c3635cce2d4803",
            "description": "Allows ICMP",
            "egress": [],
            "id": "sg-023c3635cce2d4803",
            "ingress": [
              {
                "cidr_blocks": [
                  "0.0.0.0/0"
                ],
                "description": "EFS mount target",
                "from_port": 2049,
                "ipv6_cidr_blocks": [],
                "prefix_list_ids": [],
                "protocol": "tcp",
                "security_groups": [],
                "self": false,
                "to_port": 2049
              }
            ],
            "name": "efs_sg",
            "name_prefix": "",
            "owner_id": "233489832487",
            "revoke_rules_on_delete": false,
            "tags": {
              "Name": "allow_efs_mount"
            },
            "tags_all": {
              "Name": "allow_efs_mount"
            },
            "timeouts": null,
            "vpc_id": "vpc-0abaaa046b2e19dbf"
          },
          "sensitive_attributes": [],
          "private": "eyJlMmJmYjczMC1lY2FhLTExZTYtOGY4OC0zNDM2M2JjN2M0YzAiOnsiY3JlYXRlIjo2MDAwMDAwMDAwMDAsImRlbGV0ZSI6OTAwMDAwMDAwMDAwfSwic2NoZW1hX3ZlcnNpb24iOiIxIn0=",
          "dependencies": [
            "aws_vpc.Web_env"
          ]
        }
      ]
    },
    {
      "mode": "managed",
      "type": "aws_security_group",
      "name": "web_server_ping_sg",
      "provider": "provider[\"registry.terraform.io/hashicorp/aws\"]",
      "instances": [
        {
          "schema_version": 1,
          "attributes": {
            "arn": "arn:aws:ec2:us-east-1:233489832487:security-group/sg-0771a7fc0f3c66f9c",
            "description": "Allows ICMP",
            "egress": [
              {
                "cidr_blocks": [
                  "0.0.0.0/0"
                ],
                "description": "",
                "from_port": 0,
                "ipv6_cidr_blocks": [],
                "prefix_list_ids": [],
                "protocol": "-1",
                "security_groups": [],
                "self": false,
                "to_port": 0
              },
              {
                "cidr_blocks": [
                  "0.0.0.0/0"
                ],
                "description": "Allow all incoming ICMP IPv4 traffic",
                "from_port": -1,
                "ipv6_cidr_blocks": [],
                "prefix_list_ids": [],
                "protocol": "icmp",
                "security_groups": [],
                "self": false,
                "to_port": -1
              }
            ],
            "id": "sg-0771a7fc0f3c66f9c",
            "ingress": [
              {
                "cidr_blocks": [
                  "0.0.0.0/0"
                ],
                "description": "Allow all incoming ICMP IPv4 traffic",
                "from_port": -1,
                "ipv6_cidr_blocks": [],
                "prefix_list_ids": [],
                "protocol": "icmp",
                "security_groups": [],
                "self": false,
                "to_port": -1
              }
            ],
            "name": "icmp_sg",
            "name_prefix": "",
            "owner_id": "233489832487",
            "revoke_rules_on_delete": false,
            "tags": {
              "Name": "allow_ping"
            },
            "tags_all": {
              "Name": "allow_ping"
            },
            "timeouts": null,
            "vpc_id": "vpc-0abaaa046b2e19dbf"
          },
          "sensitive_attributes": [],
          "private": "eyJlMmJmYjczMC1lY2FhLTExZTYtOGY4OC0zNDM2M2JjN2M0YzAiOnsiY3JlYXRlIjo2MDAwMDAwMDAwMDAsImRlbGV0ZSI6OTAwMDAwMDAwMDAwfSwic2NoZW1hX3ZlcnNpb24iOiIxIn0=",
          "dependencies": [
            "aws_vpc.Web_env"
          ]
        }
      ]
    },
    {
      "mode": "managed",
      "type": "aws_security_group",
      "name": "web_server_sg",
      "provider": "provider[\"registry.terraform.io/hashicorp/aws\"]",
      "instances": [
        {
          "schema_version": 1,
          "attributes": {
            "arn": "arn:aws:ec2:us-east-1:233489832487:security-group/sg-0d9285ebb7b978f3a",
            "description": "Allows HTTP and HTTPS connection",
            "egress": [
              {
                "cidr_blocks": [
                  "0.0.0.0/0"
                ],
                "description": "",
                "from_port": 0,
                "ipv6_cidr_blocks": [],
                "prefix_list_ids": [],
                "protocol": "-1",
                "security_groups": [],
                "self": false,
                "to_port": 0
              }
            ],
            "id": "sg-0d9285ebb7b978f3a",
            "ingress": [
              {
                "cidr_blocks": [
                  "0.0.0.0/0"
                ],
                "description": "TLS from VPC",
                "from_port": 443,
                "ipv6_cidr_blocks": [],
                "prefix_list_ids": [],
                "protocol": "tcp",
                "security_groups": [],
                "self": false,
                "to_port": 443
              },
              {
                "cidr_blocks": [
                  "0.0.0.0/0"
                ],
                "description": "TLS from VPC",
                "from_port": 80,
                "ipv6_cidr_blocks": [],
                "prefix_list_ids": [],
                "protocol": "tcp",
                "security_groups": [],
                "self": false,
                "to_port": 80
              }
            ],
            "name": "web_server",
            "name_prefix": "",
            "owner_id": "233489832487",
            "revoke_rules_on_delete": false,
            "tags": {
              "Name": "allow_http\u0026https"
            },
            "tags_all": {
              "Name": "allow_http\u0026https"
            },
            "timeouts": null,
            "vpc_id": "vpc-0abaaa046b2e19dbf"
          },
          "sensitive_attributes": [],
          "private": "eyJlMmJmYjczMC1lY2FhLTExZTYtOGY4OC0zNDM2M2JjN2M0YzAiOnsiY3JlYXRlIjo2MDAwMDAwMDAwMDAsImRlbGV0ZSI6OTAwMDAwMDAwMDAwfSwic2NoZW1hX3ZlcnNpb24iOiIxIn0=",
          "dependencies": [
            "aws_vpc.Web_env"
          ]
        }
      ]
    },
    {
      "mode": "managed",
      "type": "aws_security_group",
      "name": "web_server_ssh_sg",
      "provider": "provider[\"registry.terraform.io/hashicorp/aws\"]",
      "instances": [
        {
          "schema_version": 1,
          "attributes": {
            "arn": "arn:aws:ec2:us-east-1:233489832487:security-group/sg-051ea0848a5a75d3b",
            "description": "Allows SSH",
            "egress": [
              {
                "cidr_blocks": [
                  "0.0.0.0/0"
                ],
                "description": "",
                "from_port": 0,
                "ipv6_cidr_blocks": [],
                "prefix_list_ids": [],
                "protocol": "-1",
                "security_groups": [],
                "self": false,
                "to_port": 0
              }
            ],
            "id": "sg-051ea0848a5a75d3b",
            "ingress": [
              {
                "cidr_blocks": [
                  "0.0.0.0/0"
                ],
                "description": "TLS from VPC",
                "from_port": 22,
                "ipv6_cidr_blocks": [],
                "prefix_list_ids": [],
                "protocol": "tcp",
                "security_groups": [],
                "self": false,
                "to_port": 22
              }
            ],
            "name": "ssh_sg",
            "name_prefix": "",
            "owner_id": "233489832487",
            "revoke_rules_on_delete": false,
            "tags": {
              "Name": "allow_ssh"
            },
            "tags_all": {
              "Name": "allow_ssh"
            },
            "timeouts": null,
            "vpc_id": "vpc-0abaaa046b2e19dbf"
          },
          "sensitive_attributes": [],
          "private": "eyJlMmJmYjczMC1lY2FhLTExZTYtOGY4OC0zNDM2M2JjN2M0YzAiOnsiY3JlYXRlIjo2MDAwMDAwMDAwMDAsImRlbGV0ZSI6OTAwMDAwMDAwMDAwfSwic2NoZW1hX3ZlcnNpb24iOiIxIn0=",
          "dependencies": [
            "aws_vpc.Web_env"
          ]
        }
      ]
    },
    {
      "mode": "managed",
      "type": "aws_subnet",
      "name": "Private-1",
      "provider": "provider[\"registry.terraform.io/hashicorp/aws\"]",
      "instances": [
        {
          "schema_version": 1,
          "attributes": {
            "arn": "arn:aws:ec2:us-east-1:233489832487:subnet/subnet-0e2d5a143652ea9aa",
            "assign_ipv6_address_on_creation": false,
            "availability_zone": "us-east-1a",
            "availability_zone_id": "use1-az4",
            "cidr_block": "10.0.4.0/24",
            "customer_owned_ipv4_pool": "",
            "enable_dns64": false,
            "enable_lni_at_device_index": 0,
            "enable_resource_name_dns_a_record_on_launch": false,
            "enable_resource_name_dns_aaaa_record_on_launch": false,
            "id": "subnet-0e2d5a143652ea9aa",
            "ipv6_cidr_block": "",
            "ipv6_cidr_block_association_id": "",
            "ipv6_native": false,
            "map_customer_owned_ip_on_launch": false,
            "map_public_ip_on_launch": false,
            "outpost_arn": "",
            "owner_id": "233489832487",
            "private_dns_hostname_type_on_launch": "ip-name",
            "tags": {
              "Name": "Private-1"
            },
            "tags_all": {
              "Name": "Private-1"
            },
            "timeouts": null,
            "vpc_id": "vpc-0abaaa046b2e19dbf"
          },
          "sensitive_attributes": [],
          "private": "eyJlMmJmYjczMC1lY2FhLTExZTYtOGY4OC0zNDM2M2JjN2M0YzAiOnsiY3JlYXRlIjo2MDAwMDAwMDAwMDAsImRlbGV0ZSI6MTIwMDAwMDAwMDAwMH0sInNjaGVtYV92ZXJzaW9uIjoiMSJ9",
          "dependencies": [
            "aws_vpc.Web_env"
          ]
        }
      ]
    },
    {
      "mode": "managed",
      "type": "aws_subnet",
      "name": "Private-2",
      "provider": "provider[\"registry.terraform.io/hashicorp/aws\"]",
      "instances": [
        {
          "schema_version": 1,
          "attributes": {
            "arn": "arn:aws:ec2:us-east-1:233489832487:subnet/subnet-0b215201be446bcc0",
            "assign_ipv6_address_on_creation": false,
            "availability_zone": "us-east-1b",
            "availability_zone_id": "use1-az6",
            "cidr_block": "10.0.5.0/24",
            "customer_owned_ipv4_pool": "",
            "enable_dns64": false,
            "enable_lni_at_device_index": 0,
            "enable_resource_name_dns_a_record_on_launch": false,
            "enable_resource_name_dns_aaaa_record_on_launch": false,
            "id": "subnet-0b215201be446bcc0",
            "ipv6_cidr_block": "",
            "ipv6_cidr_block_association_id": "",
            "ipv6_native": false,
            "map_customer_owned_ip_on_launch": false,
            "map_public_ip_on_launch": false,
            "outpost_arn": "",
            "owner_id": "233489832487",
            "private_dns_hostname_type_on_launch": "ip-name",
            "tags": {
              "Name": "Private-2"
            },
            "tags_all": {
              "Name": "Private-2"
            },
            "timeouts": null,
            "vpc_id": "vpc-0abaaa046b2e19dbf"
          },
          "sensitive_attributes": [],
          "private": "eyJlMmJmYjczMC1lY2FhLTExZTYtOGY4OC0zNDM2M2JjN2M0YzAiOnsiY3JlYXRlIjo2MDAwMDAwMDAwMDAsImRlbGV0ZSI6MTIwMDAwMDAwMDAwMH0sInNjaGVtYV92ZXJzaW9uIjoiMSJ9",
          "dependencies": [
            "aws_vpc.Web_env"
          ]
        }
      ]
    },
    {
      "mode": "managed",
      "type": "aws_subnet",
      "name": "Private-3",
      "provider": "provider[\"registry.terraform.io/hashicorp/aws\"]",
      "instances": [
        {
          "schema_version": 1,
          "attributes": {
            "arn": "arn:aws:ec2:us-east-1:233489832487:subnet/subnet-0f036b890ba9a557e",
            "assign_ipv6_address_on_creation": false,
            "availability_zone": "us-east-1c",
            "availability_zone_id": "use1-az1",
            "cidr_block": "10.0.6.0/24",
            "customer_owned_ipv4_pool": "",
            "enable_dns64": false,
            "enable_lni_at_device_index": 0,
            "enable_resource_name_dns_a_record_on_launch": false,
            "enable_resource_name_dns_aaaa_record_on_launch": false,
            "id": "subnet-0f036b890ba9a557e",
            "ipv6_cidr_block": "",
            "ipv6_cidr_block_association_id": "",
            "ipv6_native": false,
            "map_customer_owned_ip_on_launch": false,
            "map_public_ip_on_launch": false,
            "outpost_arn": "",
            "owner_id": "233489832487",
            "private_dns_hostname_type_on_launch": "ip-name",
            "tags": {
              "Name": "Private-3"
            },
            "tags_all": {
              "Name": "Private-3"
            },
            "timeouts": null,
            "vpc_id": "vpc-0abaaa046b2e19dbf"
          },
          "sensitive_attributes": [],
          "private": "eyJlMmJmYjczMC1lY2FhLTExZTYtOGY4OC0zNDM2M2JjN2M0YzAiOnsiY3JlYXRlIjo2MDAwMDAwMDAwMDAsImRlbGV0ZSI6MTIwMDAwMDAwMDAwMH0sInNjaGVtYV92ZXJzaW9uIjoiMSJ9",
          "dependencies": [
            "aws_vpc.Web_env"
          ]
        }
      ]
    },
    {
      "mode": "managed",
      "type": "aws_subnet",
      "name": "Private-4",
      "provider": "provider[\"registry.terraform.io/hashicorp/aws\"]",
      "instances": [
        {
          "schema_version": 1,
          "attributes": {
            "arn": "arn:aws:ec2:us-east-1:233489832487:subnet/subnet-0bd2d7dea68c95930",
            "assign_ipv6_address_on_creation": false,
            "availability_zone": "us-east-1d",
            "availability_zone_id": "use1-az2",
            "cidr_block": "10.0.7.0/24",
            "customer_owned_ipv4_pool": "",
            "enable_dns64": false,
            "enable_lni_at_device_index": 0,
            "enable_resource_name_dns_a_record_on_launch": false,
            "enable_resource_name_dns_aaaa_record_on_launch": false,
            "id": "subnet-0bd2d7dea68c95930",
            "ipv6_cidr_block": "",
            "ipv6_cidr_block_association_id": "",
            "ipv6_native": false,
            "map_customer_owned_ip_on_launch": false,
            "map_public_ip_on_launch": false,
            "outpost_arn": "",
            "owner_id": "233489832487",
            "private_dns_hostname_type_on_launch": "ip-name",
            "tags": {
              "Name": "Private-4"
            },
            "tags_all": {
              "Name": "Private-4"
            },
            "timeouts": null,
            "vpc_id": "vpc-0abaaa046b2e19dbf"
          },
          "sensitive_attributes": [],
          "private": "eyJlMmJmYjczMC1lY2FhLTExZTYtOGY4OC0zNDM2M2JjN2M0YzAiOnsiY3JlYXRlIjo2MDAwMDAwMDAwMDAsImRlbGV0ZSI6MTIwMDAwMDAwMDAwMH0sInNjaGVtYV92ZXJzaW9uIjoiMSJ9",
          "dependencies": [
            "aws_vpc.Web_env"
          ]
        }
      ]
    },
    {
      "mode": "managed",
      "type": "aws_subnet",
      "name": "Private-5",
      "provider": "provider[\"registry.terraform.io/hashicorp/aws\"]",
      "instances": [
        {
          "schema_version": 1,
          "attributes": {
            "arn": "arn:aws:ec2:us-east-1:233489832487:subnet/subnet-08610aa37319a3bf3",
            "assign_ipv6_address_on_creation": false,
            "availability_zone": "us-east-1e",
            "availability_zone_id": "use1-az3",
            "cidr_block": "10.0.8.0/24",
            "customer_owned_ipv4_pool": "",
            "enable_dns64": false,
            "enable_lni_at_device_index": 0,
            "enable_resource_name_dns_a_record_on_launch": false,
            "enable_resource_name_dns_aaaa_record_on_launch": false,
            "id": "subnet-08610aa37319a3bf3",
            "ipv6_cidr_block": "",
            "ipv6_cidr_block_association_id": "",
            "ipv6_native": false,
            "map_customer_owned_ip_on_launch": false,
            "map_public_ip_on_launch": false,
            "outpost_arn": "",
            "owner_id": "233489832487",
            "private_dns_hostname_type_on_launch": "ip-name",
            "tags": {
              "Name": "Private-5"
            },
            "tags_all": {
              "Name": "Private-5"
            },
            "timeouts": null,
            "vpc_id": "vpc-0abaaa046b2e19dbf"
          },
          "sensitive_attributes": [],
          "private": "eyJlMmJmYjczMC1lY2FhLTExZTYtOGY4OC0zNDM2M2JjN2M0YzAiOnsiY3JlYXRlIjo2MDAwMDAwMDAwMDAsImRlbGV0ZSI6MTIwMDAwMDAwMDAwMH0sInNjaGVtYV92ZXJzaW9uIjoiMSJ9",
          "dependencies": [
            "aws_vpc.Web_env"
          ]
        }
      ]
    },
    {
      "mode": "managed",
      "type": "aws_subnet",
      "name": "Private-6",
      "provider": "provider[\"registry.terraform.io/hashicorp/aws\"]",
      "instances": [
        {
          "schema_version": 1,
          "attributes": {
            "arn": "arn:aws:ec2:us-east-1:233489832487:subnet/subnet-029a49014ce97b7d0",
            "assign_ipv6_address_on_creation": false,
            "availability_zone": "us-east-1f",
            "availability_zone_id": "use1-az5",
            "cidr_block": "10.0.9.0/24",
            "customer_owned_ipv4_pool": "",
            "enable_dns64": false,
            "enable_lni_at_device_index": 0,
            "enable_resource_name_dns_a_record_on_launch": false,
            "enable_resource_name_dns_aaaa_record_on_launch": false,
            "id": "subnet-029a49014ce97b7d0",
            "ipv6_cidr_block": "",
            "ipv6_cidr_block_association_id": "",
            "ipv6_native": false,
            "map_customer_owned_ip_on_launch": false,
            "map_public_ip_on_launch": false,
            "outpost_arn": "",
            "owner_id": "233489832487",
            "private_dns_hostname_type_on_launch": "ip-name",
            "tags": {
              "Name": "Private-6"
            },
            "tags_all": {
              "Name": "Private-6"
            },
            "timeouts": null,
            "vpc_id": "vpc-0abaaa046b2e19dbf"
          },
          "sensitive_attributes": [],
          "private": "eyJlMmJmYjczMC1lY2FhLTExZTYtOGY4OC0zNDM2M2JjN2M0YzAiOnsiY3JlYXRlIjo2MDAwMDAwMDAwMDAsImRlbGV0ZSI6MTIwMDAwMDAwMDAwMH0sInNjaGVtYV92ZXJzaW9uIjoiMSJ9",
          "dependencies": [
            "aws_vpc.Web_env"
          ]
        }
      ]
    },
    {
      "mode": "managed",
      "type": "aws_subnet",
      "name": "Public-1",
      "provider": "provider[\"registry.terraform.io/hashicorp/aws\"]",
      "instances": [
        {
          "schema_version": 1,
          "attributes": {
            "arn": "arn:aws:ec2:us-east-1:233489832487:subnet/subnet-0893c6c5473a550b7",
            "assign_ipv6_address_on_creation": false,
            "availability_zone": "us-east-1a",
            "availability_zone_id": "use1-az4",
            "cidr_block": "10.0.1.0/24",
            "customer_owned_ipv4_pool": "",
            "enable_dns64": false,
            "enable_lni_at_device_index": 0,
            "enable_resource_name_dns_a_record_on_launch": false,
            "enable_resource_name_dns_aaaa_record_on_launch": false,
            "id": "subnet-0893c6c5473a550b7",
            "ipv6_cidr_block": "",
            "ipv6_cidr_block_association_id": "",
            "ipv6_native": false,
            "map_customer_owned_ip_on_launch": false,
            "map_public_ip_on_launch": true,
            "outpost_arn": "",
            "owner_id": "233489832487",
            "private_dns_hostname_type_on_launch": "ip-name",
            "tags": {
              "Name": "Public-1"
            },
            "tags_all": {
              "Name": "Public-1"
            },
            "timeouts": null,
            "vpc_id": "vpc-0abaaa046b2e19dbf"
          },
          "sensitive_attributes": [],
          "private": "eyJlMmJmYjczMC1lY2FhLTExZTYtOGY4OC0zNDM2M2JjN2M0YzAiOnsiY3JlYXRlIjo2MDAwMDAwMDAwMDAsImRlbGV0ZSI6MTIwMDAwMDAwMDAwMH0sInNjaGVtYV92ZXJzaW9uIjoiMSJ9",
          "dependencies": [
            "aws_vpc.Web_env"
          ]
        }
      ]
    },
    {
      "mode": "managed",
      "type": "aws_subnet",
      "name": "Public-2",
      "provider": "provider[\"registry.terraform.io/hashicorp/aws\"]",
      "instances": [
        {
          "schema_version": 1,
          "attributes": {
            "arn": "arn:aws:ec2:us-east-1:233489832487:subnet/subnet-0a9226c44ce574652",
            "assign_ipv6_address_on_creation": false,
            "availability_zone": "us-east-1b",
            "availability_zone_id": "use1-az6",
            "cidr_block": "10.0.2.0/24",
            "customer_owned_ipv4_pool": "",
            "enable_dns64": false,
            "enable_lni_at_device_index": 0,
            "enable_resource_name_dns_a_record_on_launch": false,
            "enable_resource_name_dns_aaaa_record_on_launch": false,
            "id": "subnet-0a9226c44ce574652",
            "ipv6_cidr_block": "",
            "ipv6_cidr_block_association_id": "",
            "ipv6_native": false,
            "map_customer_owned_ip_on_launch": false,
            "map_public_ip_on_launch": true,
            "outpost_arn": "",
            "owner_id": "233489832487",
            "private_dns_hostname_type_on_launch": "ip-name",
            "tags": {
              "Name": "Public-2"
            },
            "tags_all": {
              "Name": "Public-2"
            },
            "timeouts": null,
            "vpc_id": "vpc-0abaaa046b2e19dbf"
          },
          "sensitive_attributes": [],
          "private": "eyJlMmJmYjczMC1lY2FhLTExZTYtOGY4OC0zNDM2M2JjN2M0YzAiOnsiY3JlYXRlIjo2MDAwMDAwMDAwMDAsImRlbGV0ZSI6MTIwMDAwMDAwMDAwMH0sInNjaGVtYV92ZXJzaW9uIjoiMSJ9",
          "dependencies": [
            "aws_vpc.Web_env"
          ]
        }
      ]
    },
    {
      "mode": "managed",
      "type": "aws_subnet",
      "name": "Public-3",
      "provider": "provider[\"registry.terraform.io/hashicorp/aws\"]",
      "instances": [
        {
          "schema_version": 1,
          "attributes": {
            "arn": "arn:aws:ec2:us-east-1:233489832487:subnet/subnet-0fe75bf45db8a4f9e",
            "assign_ipv6_address_on_creation": false,
            "availability_zone": "us-east-1c",
            "availability_zone_id": "use1-az1",
            "cidr_block": "10.0.3.0/24",
            "customer_owned_ipv4_pool": "",
            "enable_dns64": false,
            "enable_lni_at_device_index": 0,
            "enable_resource_name_dns_a_record_on_launch": false,
            "enable_resource_name_dns_aaaa_record_on_launch": false,
            "id": "subnet-0fe75bf45db8a4f9e",
            "ipv6_cidr_block": "",
            "ipv6_cidr_block_association_id": "",
            "ipv6_native": false,
            "map_customer_owned_ip_on_launch": false,
            "map_public_ip_on_launch": true,
            "outpost_arn": "",
            "owner_id": "233489832487",
            "private_dns_hostname_type_on_launch": "ip-name",
            "tags": {
              "Name": "Public-3"
            },
            "tags_all": {
              "Name": "Public-3"
            },
            "timeouts": null,
            "vpc_id": "vpc-0abaaa046b2e19dbf"
          },
          "sensitive_attributes": [],
          "private": "eyJlMmJmYjczMC1lY2FhLTExZTYtOGY4OC0zNDM2M2JjN2M0YzAiOnsiY3JlYXRlIjo2MDAwMDAwMDAwMDAsImRlbGV0ZSI6MTIwMDAwMDAwMDAwMH0sInNjaGVtYV92ZXJzaW9uIjoiMSJ9",
          "dependencies": [
            "aws_vpc.Web_env"
          ]
        }
      ]
    },
    {
      "mode": "managed",
      "type": "aws_vpc",
      "name": "Web_env",
      "provider": "provider[\"registry.terraform.io/hashicorp/aws\"]",
      "instances": [
        {
          "schema_version": 1,
          "attributes": {
            "arn": "arn:aws:ec2:us-east-1:233489832487:vpc/vpc-0abaaa046b2e19dbf",
            "assign_generated_ipv6_cidr_block": false,
            "cidr_block": "10.0.0.0/16",
            "default_network_acl_id": "acl-059c8da040ea112a7",
            "default_route_table_id": "rtb-0fa856dc59cf0a203",
            "default_security_group_id": "sg-0c22d6593e206b7c5",
            "dhcp_options_id": "dopt-0b6aca6ca0a8e3830",
            "enable_classiclink": false,
            "enable_classiclink_dns_support": false,
            "enable_dns_hostnames": true,
            "enable_dns_support": true,
            "enable_network_address_usage_metrics": false,
            "id": "vpc-0abaaa046b2e19dbf",
            "instance_tenancy": "default",
            "ipv4_ipam_pool_id": null,
            "ipv4_netmask_length": null,
            "ipv6_association_id": "",
            "ipv6_cidr_block": "",
            "ipv6_cidr_block_network_border_group": "",
            "ipv6_ipam_pool_id": "",
            "ipv6_netmask_length": 0,
            "main_route_table_id": "rtb-0fa856dc59cf0a203",
            "owner_id": "233489832487",
            "tags": {
              "Name": "Web env"
            },
            "tags_all": {
              "Name": "Web env"
            }
          },
          "sensitive_attributes": [],
          "private": "eyJzY2hlbWFfdmVyc2lvbiI6IjEifQ=="
        }
      ]
    },
    {
      "mode": "managed",
      "type": "tls_private_key",
      "name": "my_key",
      "provider": "provider[\"registry.terraform.io/hashicorp/tls\"]",
      "instances": [
        {
          "schema_version": 1,
          "attributes": {
            "algorithm": "RSA",
            "ecdsa_curve": "P224",
            "id": "d1b70fd2b011971a00258a29547936740980086c",
            "private_key_openssh": "-----BEGIN OPENSSH PRIVATE KEY-----\nb3BlbnNzaC1rZXktdjEAAAAABG5vbmUAAAAEbm9uZQAAAAAAAAABAAACFwAAAAdz\nc2gtcnNhAAAAAwEAAQAAAgEA60vFGYcvgWpBaHcyr1fnkxqCKk8jSFbTNariNgbu\nUGwugD+TnnCWsPb/j7VDmgH1wHVpwrSTU3SGXh22AMAdULTbgclBb4yk0TuLAm/u\no7KwMWURpYBXKxoXHZhIl9V1k85Z5oPCn/dUlgjJU0kdswVOu2/67tol8YDJwxo0\ncIrH6lZtY5qDon7deHvydNxV3+1VsbRgXY153zOFqq/jLPLGqSEjIEsWTkIIx7VI\nZbSPS2JcbI2nLqKfJExVJvlNijqnXGcbT/2j36+bltkfoPaWH4XD0xfKFJRU38iS\nzGYVYvjM5BRC5JD6rjWOT66Xn1XljEiUR59lNc8JT/AxKka4mxtu73pJApWPG/tv\nhfNcUs5kTmFrGWz2zh03tprsydKQ1sFpxtMClrYMeWcTD3McSZwxfTMfeP3mD5UJ\ndGggj4ubyBdqIx1XzjLKvXxbOUjt5uc2hkGEuHfI0lGPq/BDuBnZhSrsadZqGAJM\nNfWXDh8OB3mWg7TvqzxugQOC++Jp5SCY+UNFnL6v4N5qoHEchkTOSAPD0XmvvY+G\ngM64tqvfmuj6e4VFlP41N2EnNid5em9DMSsKAzz/6n5onz9W8tItywkkci4lHBPS\nr7LcojaygYXro0OlW+XHpkU3uvLPpdXGUCkWwH8SkK/MijCQWfw10Yq7utcVPLEH\nvvEAAAc4fuZMfH7mTHwAAAAHc3NoLXJzYQAAAgEA60vFGYcvgWpBaHcyr1fnkxqC\nKk8jSFbTNariNgbuUGwugD+TnnCWsPb/j7VDmgH1wHVpwrSTU3SGXh22AMAdULTb\ngclBb4yk0TuLAm/uo7KwMWURpYBXKxoXHZhIl9V1k85Z5oPCn/dUlgjJU0kdswVO\nu2/67tol8YDJwxo0cIrH6lZtY5qDon7deHvydNxV3+1VsbRgXY153zOFqq/jLPLG\nqSEjIEsWTkIIx7VIZbSPS2JcbI2nLqKfJExVJvlNijqnXGcbT/2j36+bltkfoPaW\nH4XD0xfKFJRU38iSzGYVYvjM5BRC5JD6rjWOT66Xn1XljEiUR59lNc8JT/AxKka4\nmxtu73pJApWPG/tvhfNcUs5kTmFrGWz2zh03tprsydKQ1sFpxtMClrYMeWcTD3Mc\nSZwxfTMfeP3mD5UJdGggj4ubyBdqIx1XzjLKvXxbOUjt5uc2hkGEuHfI0lGPq/BD\nuBnZhSrsadZqGAJMNfWXDh8OB3mWg7TvqzxugQOC++Jp5SCY+UNFnL6v4N5qoHEc\nhkTOSAPD0XmvvY+GgM64tqvfmuj6e4VFlP41N2EnNid5em9DMSsKAzz/6n5onz9W\n8tItywkkci4lHBPSr7LcojaygYXro0OlW+XHpkU3uvLPpdXGUCkWwH8SkK/MijCQ\nWfw10Yq7utcVPLEHvvEAAAADAQABAAACAQCVwfQA+3nQ9MAMrVElKN3LUuPl6dib\nAigL0GeJ239y0GgIWG6sORywJYUjAku0ierQQ+q8chIS2+dpn59net8tru7G/EEZ\nrnp4cV1Yf8Vzixd5WMqSe8z/Mevkejg56zKakIvHm7UT+2dq1szMpYyxlH837V3Z\nCB9+RmokM1mNB8eV7sxQyNdfZT+wn7MBjftaOsSABj4PTSx0U2aP7MK6qQqoOt8Q\nfroDtSPBeDBMC0/ouwH4VXBCzl5by/mmhKZFhG9g8H8Bun3CsRJmQGtRF6EVDx5E\nDLAhyQb8J7zHO3IBPDmsMPkiYOQsXQnmzUjTsOgZEVjO/TR9uvhCWK3w8f5LNb9/\n4MtfmITxyPLvdM8xXIp9HVYhoiiL/KItr0ywwpLxtZ4VKZvJbBjdB29zrwr8QL0v\ngaLMmUvXbcFCZs2v3KFd62amAq2sFB68Zm3c29AMTnOtwFYb8l7bv2tFcJHxVagk\ncMG7YefUh2ef/NXRVH5fsc7pjgfY/cSrK/vstCSdMg+vzaHpyFM6r5iSZ4IIDZlv\nhV6KgaqNrrF9scOsRkrPKQYCxNMU6yFovHk4zE9IbPdNPQjEwJSofl+YzzU5iAeh\nVO4z84hJoj46ttLCLWPoMWjmBOJdB2izhCb03NQqruiJRPKQ2fjlQvf4FOSyY6M9\n4hSIw1igbUVxwQAAAQEA1jJRbQ1jeHUdc/1COIEVr8uhjk1olPpnEXfP2Wl+KtIL\nJ59r+S670zVqU8UdOPaFeMVTawLVGgQRGgZlGQyh41LT8DOdfph2K7YKnMkU5kWn\nP99PIkIYo31VOOMHxlaLyahWSbPBgif8eztH5krED1p9tfu/d+38tBAKq/rSgRzP\nzghuDFersD41tvvXDbAsj/bqIG/tc+kMxr1Rj1jAwCMSGONBDw5jZ0kMwLFJIEdz\nsH1GxnPSOCtilxsPLJthQX8KvqC2fUEAB8kSBFG0ZmndWiVeDM5x/6LxyWc40wZS\nIR+BUXIq0XfieFKwP3ExacjWCQgP7rOh6Jii2HN2VQAAAQEA+QZvkOlIFIPkC2gE\npfrDZVYiQ+X8KXhOr4o8VBzLDYXz95qgcMsyx6UWUDYfbeF5nqG5SMrc+YV5hBhR\nYy1HSY0B1UwfN4PYWOu2SgM9P8BIBxwqg6x3wx1J+3RSLAeKQ26nITbWY/1Gsj4F\neFjs3fjfPaUpC7IDPDjHFpfsoLxRgu7ZwpDZlG//O1tpcr8abUYbk0ZXTeIsRJFM\n08mdxBFC8LKpx4bmuiOQM5/Dqt0kkVlybeSbr5PBphoKDfeY/v62TnyE7ng4wXiA\npxLJ/wIsBf6TWL1fcCtbDoYl9KDS+1SJo31n5ym1LgS8JOOtC4BF32e2HwcRfAEf\nyF+r5wAAAQEA8eLknjGpKcz5ASPJkxhOC6BrYyRQNOJmO73KN5aV0TE4J7qtq40h\nmPWwRQaCoA1hZuYeWFnb1oGn6GuKlRWFvfMoHOtvDmrAWajJcFK9xlAYkyVAeSSL\nRxhn2rq8QPvgTSSYJF+NVd8Of2CqpqXDON8BJ9GemZlPr7I7m2UCQ7PCIuKJNxEM\nWsRioUxlVcCGgWeOC/YimhqAlCSIV5TxW8GuyOEyzRGCEcyHAwIh7USJjKYKlNz/\nzZ24cuZpA0t4EbaM20b3kUw7LnC5aJO6K5I7RWKWv5YDhUKbvGmx7HZY9+qdsxmG\nqjylgeV51XVQ8ECkNv07f5/5PWocSI8jZwAAAAAB\n-----END OPENSSH PRIVATE KEY-----\n",
            "private_key_pem": "-----BEGIN RSA PRIVATE KEY-----\nMIIJKgIBAAKCAgEA60vFGYcvgWpBaHcyr1fnkxqCKk8jSFbTNariNgbuUGwugD+T\nnnCWsPb/j7VDmgH1wHVpwrSTU3SGXh22AMAdULTbgclBb4yk0TuLAm/uo7KwMWUR\npYBXKxoXHZhIl9V1k85Z5oPCn/dUlgjJU0kdswVOu2/67tol8YDJwxo0cIrH6lZt\nY5qDon7deHvydNxV3+1VsbRgXY153zOFqq/jLPLGqSEjIEsWTkIIx7VIZbSPS2Jc\nbI2nLqKfJExVJvlNijqnXGcbT/2j36+bltkfoPaWH4XD0xfKFJRU38iSzGYVYvjM\n5BRC5JD6rjWOT66Xn1XljEiUR59lNc8JT/AxKka4mxtu73pJApWPG/tvhfNcUs5k\nTmFrGWz2zh03tprsydKQ1sFpxtMClrYMeWcTD3McSZwxfTMfeP3mD5UJdGggj4ub\nyBdqIx1XzjLKvXxbOUjt5uc2hkGEuHfI0lGPq/BDuBnZhSrsadZqGAJMNfWXDh8O\nB3mWg7TvqzxugQOC++Jp5SCY+UNFnL6v4N5qoHEchkTOSAPD0XmvvY+GgM64tqvf\nmuj6e4VFlP41N2EnNid5em9DMSsKAzz/6n5onz9W8tItywkkci4lHBPSr7Lcojay\ngYXro0OlW+XHpkU3uvLPpdXGUCkWwH8SkK/MijCQWfw10Yq7utcVPLEHvvECAwEA\nAQKCAgEAlcH0APt50PTADK1RJSjdy1Lj5enYmwIoC9Bnidt/ctBoCFhurDkcsCWF\nIwJLtInq0EPqvHISEtvnaZ+fZ3rfLa7uxvxBGa56eHFdWH/Fc4sXeVjKknvM/zHr\n5Ho4OesympCLx5u1E/tnatbMzKWMsZR/N+1d2QgffkZqJDNZjQfHle7MUMjXX2U/\nsJ+zAY37WjrEgAY+D00sdFNmj+zCuqkKqDrfEH66A7UjwXgwTAtP6LsB+FVwQs5e\nW8v5poSmRYRvYPB/Abp9wrESZkBrURehFQ8eRAywIckG/Ce8xztyATw5rDD5ImDk\nLF0J5s1I07DoGRFYzv00fbr4Qlit8PH+SzW/f+DLX5iE8cjy73TPMVyKfR1WIaIo\ni/yiLa9MsMKS8bWeFSmbyWwY3Qdvc68K/EC9L4GizJlL123BQmbNr9yhXetmpgKt\nrBQevGZt3NvQDE5zrcBWG/Je279rRXCR8VWoJHDBu2Hn1Idnn/zV0VR+X7HO6Y4H\n2P3Eqyv77LQknTIPr82h6chTOq+YkmeCCA2Zb4VeioGqja6xfbHDrEZKzykGAsTT\nFOshaLx5OMxPSGz3TT0IxMCUqH5fmM81OYgHoVTuM/OISaI+OrbSwi1j6DFo5gTi\nXQdos4Qm9NzUKq7oiUTykNn45UL3+BTksmOjPeIUiMNYoG1FccECggEBAPkGb5Dp\nSBSD5AtoBKX6w2VWIkPl/Cl4Tq+KPFQcyw2F8/eaoHDLMselFlA2H23heZ6huUjK\n3PmFeYQYUWMtR0mNAdVMHzeD2FjrtkoDPT/ASAccKoOsd8MdSft0UiwHikNupyE2\n1mP9RrI+BXhY7N343z2lKQuyAzw4xxaX7KC8UYLu2cKQ2ZRv/ztbaXK/Gm1GG5NG\nV03iLESRTNPJncQRQvCyqceG5rojkDOfw6rdJJFZcm3km6+TwaYaCg33mP7+tk58\nhO54OMF4gKcSyf8CLAX+k1i9X3ArWw6GJfSg0vtUiaN9Z+cptS4EvCTjrQuARd9n\nth8HEXwBH8hfq+cCggEBAPHi5J4xqSnM+QEjyZMYTguga2MkUDTiZju9yjeWldEx\nOCe6rauNIZj1sEUGgqANYWbmHlhZ29aBp+hripUVhb3zKBzrbw5qwFmoyXBSvcZQ\nGJMlQHkki0cYZ9q6vED74E0kmCRfjVXfDn9gqqalwzjfASfRnpmZT6+yO5tlAkOz\nwiLiiTcRDFrEYqFMZVXAhoFnjgv2IpoagJQkiFeU8VvBrsjhMs0RghHMhwMCIe1E\niYymCpTc/82duHLmaQNLeBG2jNtG95FMOy5wuWiTuiuSO0Vilr+WA4VCm7xpsex2\nWPfqnbMZhqo8pYHledV1UPBApDb9O3+f+T1qHEiPI2cCggEBAJ2Opd4Ayzs3q3xQ\nBsjhXOlr0ug0xhOS6+4Cv2LUiOB4hUB+084psmpAmFqNs9r40tM8LZfRyngRLC4Y\nmL3wMu9lSOikbgfY4nR4RnCTlhgU1z2wY3HGGEwZ5uoy0Z7L8n3xr8rDAGhpIma5\n+QoI8W0L/mrpaYvdyFA8+DHiU7PrEoOODbcdoJxbNBhhINmZ8eV7ewz2b1x2ol2L\ntRk2shwQc9MIp4T3ZFoXEDCpf8pGetF/z3eaMaqoCNjIFt55bpK/o6cK/6xF4lr+\nnB+ZMramsCXmyWFXB+BXfhg1ZiRd8L9V4HPRb4EBkYGZO1T3vE/Pi+Xqn38IINbd\nezdy2LcCggEAPQVFMVdL2py38H6rumz2O16j2KXviffXXJjba7yUXOqyxOsGJvH6\nmNDaP/+Ncn0NplzFKPq6R9n7ltmSY1vDmpC9/NWz9Yoerj+zWZ+1+lJ4cJ6ELkt2\ny1+vy3EyTp58Dln9+6cTS6dyy9WCF3pXzoALlZT/ErancKZg/Sm1MYkmn5BQl1C4\nsik6zIAuTDy+ceTC4+ebAQ9Qgo7Yymdrn/8zbb/KBgu1qXHUWYDvOCEDJjU5FCbQ\nbXmtb2cK9ObUCnvn+uVjTQdTIrsTOvuRiq5gP3fImdppVvPfv99WIFYWyawpTmZR\nH58fDa7rVls7KPDVvH2TxfWAderP6coaXwKCAQEA1jJRbQ1jeHUdc/1COIEVr8uh\njk1olPpnEXfP2Wl+KtILJ59r+S670zVqU8UdOPaFeMVTawLVGgQRGgZlGQyh41LT\n8DOdfph2K7YKnMkU5kWnP99PIkIYo31VOOMHxlaLyahWSbPBgif8eztH5krED1p9\ntfu/d+38tBAKq/rSgRzPzghuDFersD41tvvXDbAsj/bqIG/tc+kMxr1Rj1jAwCMS\nGONBDw5jZ0kMwLFJIEdzsH1GxnPSOCtilxsPLJthQX8KvqC2fUEAB8kSBFG0Zmnd\nWiVeDM5x/6LxyWc40wZSIR+BUXIq0XfieFKwP3ExacjWCQgP7rOh6Jii2HN2VQ==\n-----END RSA PRIVATE KEY-----\n",
            "private_key_pem_pkcs8": "-----BEGIN PRIVATE KEY-----\nMIIJRAIBADANBgkqhkiG9w0BAQEFAASCCS4wggkqAgEAAoICAQDrS8UZhy+BakFo\ndzKvV+eTGoIqTyNIVtM1quI2Bu5QbC6AP5OecJaw9v+PtUOaAfXAdWnCtJNTdIZe\nHbYAwB1QtNuByUFvjKTRO4sCb+6jsrAxZRGlgFcrGhcdmEiX1XWTzlnmg8Kf91SW\nCMlTSR2zBU67b/ru2iXxgMnDGjRwisfqVm1jmoOift14e/J03FXf7VWxtGBdjXnf\nM4Wqr+Ms8sapISMgSxZOQgjHtUhltI9LYlxsjacuop8kTFUm+U2KOqdcZxtP/aPf\nr5uW2R+g9pYfhcPTF8oUlFTfyJLMZhVi+MzkFELkkPquNY5PrpefVeWMSJRHn2U1\nzwlP8DEqRribG27vekkClY8b+2+F81xSzmROYWsZbPbOHTe2muzJ0pDWwWnG0wKW\ntgx5ZxMPcxxJnDF9Mx94/eYPlQl0aCCPi5vIF2ojHVfOMsq9fFs5SO3m5zaGQYS4\nd8jSUY+r8EO4GdmFKuxp1moYAkw19ZcOHw4HeZaDtO+rPG6BA4L74mnlIJj5Q0Wc\nvq/g3mqgcRyGRM5IA8PRea+9j4aAzri2q9+a6Pp7hUWU/jU3YSc2J3l6b0MxKwoD\nPP/qfmifP1by0i3LCSRyLiUcE9KvstyiNrKBheujQ6Vb5cemRTe68s+l1cZQKRbA\nfxKQr8yKMJBZ/DXRiru61xU8sQe+8QIDAQABAoICAQCVwfQA+3nQ9MAMrVElKN3L\nUuPl6dibAigL0GeJ239y0GgIWG6sORywJYUjAku0ierQQ+q8chIS2+dpn59net8t\nru7G/EEZrnp4cV1Yf8Vzixd5WMqSe8z/Mevkejg56zKakIvHm7UT+2dq1szMpYyx\nlH837V3ZCB9+RmokM1mNB8eV7sxQyNdfZT+wn7MBjftaOsSABj4PTSx0U2aP7MK6\nqQqoOt8QfroDtSPBeDBMC0/ouwH4VXBCzl5by/mmhKZFhG9g8H8Bun3CsRJmQGtR\nF6EVDx5EDLAhyQb8J7zHO3IBPDmsMPkiYOQsXQnmzUjTsOgZEVjO/TR9uvhCWK3w\n8f5LNb9/4MtfmITxyPLvdM8xXIp9HVYhoiiL/KItr0ywwpLxtZ4VKZvJbBjdB29z\nrwr8QL0vgaLMmUvXbcFCZs2v3KFd62amAq2sFB68Zm3c29AMTnOtwFYb8l7bv2tF\ncJHxVagkcMG7YefUh2ef/NXRVH5fsc7pjgfY/cSrK/vstCSdMg+vzaHpyFM6r5iS\nZ4IIDZlvhV6KgaqNrrF9scOsRkrPKQYCxNMU6yFovHk4zE9IbPdNPQjEwJSofl+Y\nzzU5iAehVO4z84hJoj46ttLCLWPoMWjmBOJdB2izhCb03NQqruiJRPKQ2fjlQvf4\nFOSyY6M94hSIw1igbUVxwQKCAQEA+QZvkOlIFIPkC2gEpfrDZVYiQ+X8KXhOr4o8\nVBzLDYXz95qgcMsyx6UWUDYfbeF5nqG5SMrc+YV5hBhRYy1HSY0B1UwfN4PYWOu2\nSgM9P8BIBxwqg6x3wx1J+3RSLAeKQ26nITbWY/1Gsj4FeFjs3fjfPaUpC7IDPDjH\nFpfsoLxRgu7ZwpDZlG//O1tpcr8abUYbk0ZXTeIsRJFM08mdxBFC8LKpx4bmuiOQ\nM5/Dqt0kkVlybeSbr5PBphoKDfeY/v62TnyE7ng4wXiApxLJ/wIsBf6TWL1fcCtb\nDoYl9KDS+1SJo31n5ym1LgS8JOOtC4BF32e2HwcRfAEfyF+r5wKCAQEA8eLknjGp\nKcz5ASPJkxhOC6BrYyRQNOJmO73KN5aV0TE4J7qtq40hmPWwRQaCoA1hZuYeWFnb\n1oGn6GuKlRWFvfMoHOtvDmrAWajJcFK9xlAYkyVAeSSLRxhn2rq8QPvgTSSYJF+N\nVd8Of2CqpqXDON8BJ9GemZlPr7I7m2UCQ7PCIuKJNxEMWsRioUxlVcCGgWeOC/Yi\nmhqAlCSIV5TxW8GuyOEyzRGCEcyHAwIh7USJjKYKlNz/zZ24cuZpA0t4EbaM20b3\nkUw7LnC5aJO6K5I7RWKWv5YDhUKbvGmx7HZY9+qdsxmGqjylgeV51XVQ8ECkNv07\nf5/5PWocSI8jZwKCAQEAnY6l3gDLOzerfFAGyOFc6WvS6DTGE5Lr7gK/YtSI4HiF\nQH7TzimyakCYWo2z2vjS0zwtl9HKeBEsLhiYvfAy72VI6KRuB9jidHhGcJOWGBTX\nPbBjccYYTBnm6jLRnsvyffGvysMAaGkiZrn5CgjxbQv+aulpi93IUDz4MeJTs+sS\ng44Ntx2gnFs0GGEg2Znx5Xt7DPZvXHaiXYu1GTayHBBz0winhPdkWhcQMKl/ykZ6\n0X/Pd5oxqqgI2MgW3nlukr+jpwr/rEXiWv6cH5kytqawJebJYVcH4Fd+GDVmJF3w\nv1Xgc9FvgQGRgZk7VPe8T8+L5eqffwgg1t17N3LYtwKCAQA9BUUxV0vanLfwfqu6\nbPY7XqPYpe+J99dcmNtrvJRc6rLE6wYm8fqY0No//41yfQ2mXMUo+rpH2fuW2ZJj\nW8OakL381bP1ih6uP7NZn7X6UnhwnoQuS3bLX6/LcTJOnnwOWf37pxNLp3LL1YIX\nelfOgAuVlP8StqdwpmD9KbUxiSafkFCXULiyKTrMgC5MPL5x5MLj55sBD1CCjtjK\nZ2uf/zNtv8oGC7WpcdRZgO84IQMmNTkUJtBtea1vZwr05tQKe+f65WNNB1MiuxM6\n+5GKrmA/d8iZ2mlW89+/31YgVhbJrClOZlEfnx8NrutWWzso8NW8fZPF9YB16s/p\nyhpfAoIBAQDWMlFtDWN4dR1z/UI4gRWvy6GOTWiU+mcRd8/ZaX4q0gsnn2v5LrvT\nNWpTxR049oV4xVNrAtUaBBEaBmUZDKHjUtPwM51+mHYrtgqcyRTmRac/308iQhij\nfVU44wfGVovJqFZJs8GCJ/x7O0fmSsQPWn21+7937fy0EAqr+tKBHM/OCG4MV6uw\nPjW2+9cNsCyP9uogb+1z6QzGvVGPWMDAIxIY40EPDmNnSQzAsUkgR3OwfUbGc9I4\nK2KXGw8sm2FBfwq+oLZ9QQAHyRIEUbRmad1aJV4MznH/ovHJZzjTBlIhH4FRcirR\nd+J4UrA/cTFpyNYJCA/us6HomKLYc3ZV\n-----END PRIVATE KEY-----\n",
            "public_key_fingerprint_md5": "6d:37:40:3a:49:a6:49:7d:35:df:62:da:f1:fb:3d:e3",
            "public_key_fingerprint_sha256": "SHA256:+6pKXWUeoFpE+v5goNXYplk057nzQGyP9yYRHnDRZnw",
            "public_key_openssh": "ssh-rsa AAAAB3NzaC1yc2EAAAADAQABAAACAQDrS8UZhy+BakFodzKvV+eTGoIqTyNIVtM1quI2Bu5QbC6AP5OecJaw9v+PtUOaAfXAdWnCtJNTdIZeHbYAwB1QtNuByUFvjKTRO4sCb+6jsrAxZRGlgFcrGhcdmEiX1XWTzlnmg8Kf91SWCMlTSR2zBU67b/ru2iXxgMnDGjRwisfqVm1jmoOift14e/J03FXf7VWxtGBdjXnfM4Wqr+Ms8sapISMgSxZOQgjHtUhltI9LYlxsjacuop8kTFUm+U2KOqdcZxtP/aPfr5uW2R+g9pYfhcPTF8oUlFTfyJLMZhVi+MzkFELkkPquNY5PrpefVeWMSJRHn2U1zwlP8DEqRribG27vekkClY8b+2+F81xSzmROYWsZbPbOHTe2muzJ0pDWwWnG0wKWtgx5ZxMPcxxJnDF9Mx94/eYPlQl0aCCPi5vIF2ojHVfOMsq9fFs5SO3m5zaGQYS4d8jSUY+r8EO4GdmFKuxp1moYAkw19ZcOHw4HeZaDtO+rPG6BA4L74mnlIJj5Q0Wcvq/g3mqgcRyGRM5IA8PRea+9j4aAzri2q9+a6Pp7hUWU/jU3YSc2J3l6b0MxKwoDPP/qfmifP1by0i3LCSRyLiUcE9KvstyiNrKBheujQ6Vb5cemRTe68s+l1cZQKRbAfxKQr8yKMJBZ/DXRiru61xU8sQe+8Q==\n",
            "public_key_pem": "-----BEGIN PUBLIC KEY-----\nMIICIjANBgkqhkiG9w0BAQEFAAOCAg8AMIICCgKCAgEA60vFGYcvgWpBaHcyr1fn\nkxqCKk8jSFbTNariNgbuUGwugD+TnnCWsPb/j7VDmgH1wHVpwrSTU3SGXh22AMAd\nULTbgclBb4yk0TuLAm/uo7KwMWURpYBXKxoXHZhIl9V1k85Z5oPCn/dUlgjJU0kd\nswVOu2/67tol8YDJwxo0cIrH6lZtY5qDon7deHvydNxV3+1VsbRgXY153zOFqq/j\nLPLGqSEjIEsWTkIIx7VIZbSPS2JcbI2nLqKfJExVJvlNijqnXGcbT/2j36+bltkf\noPaWH4XD0xfKFJRU38iSzGYVYvjM5BRC5JD6rjWOT66Xn1XljEiUR59lNc8JT/Ax\nKka4mxtu73pJApWPG/tvhfNcUs5kTmFrGWz2zh03tprsydKQ1sFpxtMClrYMeWcT\nD3McSZwxfTMfeP3mD5UJdGggj4ubyBdqIx1XzjLKvXxbOUjt5uc2hkGEuHfI0lGP\nq/BDuBnZhSrsadZqGAJMNfWXDh8OB3mWg7TvqzxugQOC++Jp5SCY+UNFnL6v4N5q\noHEchkTOSAPD0XmvvY+GgM64tqvfmuj6e4VFlP41N2EnNid5em9DMSsKAzz/6n5o\nnz9W8tItywkkci4lHBPSr7LcojaygYXro0OlW+XHpkU3uvLPpdXGUCkWwH8SkK/M\nijCQWfw10Yq7utcVPLEHvvECAwEAAQ==\n-----END PUBLIC KEY-----\n",
            "rsa_bits": 4096
          },
          "sensitive_attributes": []
        }
      ]
    }
  ],
  "check_results": null
}
